// !$*UTF8*$!
{
	archiveVersion = 1;
	classes = {
	};
	objectVersion = 56;
	objects = {

/* Begin PBXBuildFile section */
		FD72AE60294E267300FED13A /* AppDelegate.swift in Sources */ = {isa = PBXBuildFile; fileRef = FD72AE5F294E267300FED13A /* AppDelegate.swift */; };
		FD72AE62294E267300FED13A /* SceneDelegate.swift in Sources */ = {isa = PBXBuildFile; fileRef = FD72AE61294E267300FED13A /* SceneDelegate.swift */; };
		FD72AE64294E267300FED13A /* ViewController.swift in Sources */ = {isa = PBXBuildFile; fileRef = FD72AE63294E267300FED13A /* ViewController.swift */; };
		FD72AE67294E267300FED13A /* Main.storyboard in Resources */ = {isa = PBXBuildFile; fileRef = FD72AE65294E267300FED13A /* Main.storyboard */; };
		FD72AE69294E267400FED13A /* Assets.xcassets in Resources */ = {isa = PBXBuildFile; fileRef = FD72AE68294E267400FED13A /* Assets.xcassets */; };
		FD72AE6C294E267400FED13A /* LaunchScreen.storyboard in Resources */ = {isa = PBXBuildFile; fileRef = FD72AE6A294E267400FED13A /* LaunchScreen.storyboard */; };
		FD72AE77294E267400FED13A /* MovieDBTests.swift in Sources */ = {isa = PBXBuildFile; fileRef = FD72AE76294E267400FED13A /* MovieDBTests.swift */; };
		FD72AE81294E267400FED13A /* MovieDBUITests.swift in Sources */ = {isa = PBXBuildFile; fileRef = FD72AE80294E267400FED13A /* MovieDBUITests.swift */; };
		FD72AE83294E267500FED13A /* MovieDBUITestsLaunchTests.swift in Sources */ = {isa = PBXBuildFile; fileRef = FD72AE82294E267500FED13A /* MovieDBUITestsLaunchTests.swift */; };
/* End PBXBuildFile section */

/* Begin PBXContainerItemProxy section */
		FD72AE73294E267400FED13A /* PBXContainerItemProxy */ = {
			isa = PBXContainerItemProxy;
			containerPortal = FD72AE54294E267300FED13A /* Project object */;
			proxyType = 1;
			remoteGlobalIDString = FD72AE5B294E267300FED13A;
			remoteInfo = MovieDB;
		};
		FD72AE7D294E267400FED13A /* PBXContainerItemProxy */ = {
			isa = PBXContainerItemProxy;
			containerPortal = FD72AE54294E267300FED13A /* Project object */;
			proxyType = 1;
			remoteGlobalIDString = FD72AE5B294E267300FED13A;
			remoteInfo = MovieDB;
		};
/* End PBXContainerItemProxy section */

/* Begin PBXFileReference section */
		FD72AE5C294E267300FED13A /* MovieDB.app */ = {isa = PBXFileReference; explicitFileType = wrapper.application; includeInIndex = 0; path = MovieDB.app; sourceTree = BUILT_PRODUCTS_DIR; };
		FD72AE5F294E267300FED13A /* AppDelegate.swift */ = {isa = PBXFileReference; lastKnownFileType = sourcecode.swift; path = AppDelegate.swift; sourceTree = "<group>"; };
		FD72AE61294E267300FED13A /* SceneDelegate.swift */ = {isa = PBXFileReference; lastKnownFileType = sourcecode.swift; path = SceneDelegate.swift; sourceTree = "<group>"; };
		FD72AE63294E267300FED13A /* ViewController.swift */ = {isa = PBXFileReference; lastKnownFileType = sourcecode.swift; path = ViewController.swift; sourceTree = "<group>"; };
		FD72AE66294E267300FED13A /* Base */ = {isa = PBXFileReference; lastKnownFileType = file.storyboard; name = Base; path = Base.lproj/Main.storyboard; sourceTree = "<group>"; };
		FD72AE68294E267400FED13A /* Assets.xcassets */ = {isa = PBXFileReference; lastKnownFileType = folder.assetcatalog; path = Assets.xcassets; sourceTree = "<group>"; };
		FD72AE6B294E267400FED13A /* Base */ = {isa = PBXFileReference; lastKnownFileType = file.storyboard; name = Base; path = Base.lproj/LaunchScreen.storyboard; sourceTree = "<group>"; };
		FD72AE6D294E267400FED13A /* Info.plist */ = {isa = PBXFileReference; lastKnownFileType = text.plist.xml; path = Info.plist; sourceTree = "<group>"; };
		FD72AE72294E267400FED13A /* MovieDBTests.xctest */ = {isa = PBXFileReference; explicitFileType = wrapper.cfbundle; includeInIndex = 0; path = MovieDBTests.xctest; sourceTree = BUILT_PRODUCTS_DIR; };
		FD72AE76294E267400FED13A /* MovieDBTests.swift */ = {isa = PBXFileReference; lastKnownFileType = sourcecode.swift; path = MovieDBTests.swift; sourceTree = "<group>"; };
		FD72AE7C294E267400FED13A /* MovieDBUITests.xctest */ = {isa = PBXFileReference; explicitFileType = wrapper.cfbundle; includeInIndex = 0; path = MovieDBUITests.xctest; sourceTree = BUILT_PRODUCTS_DIR; };
		FD72AE80294E267400FED13A /* MovieDBUITests.swift */ = {isa = PBXFileReference; lastKnownFileType = sourcecode.swift; path = MovieDBUITests.swift; sourceTree = "<group>"; };
		FD72AE82294E267500FED13A /* MovieDBUITestsLaunchTests.swift */ = {isa = PBXFileReference; lastKnownFileType = sourcecode.swift; path = MovieDBUITestsLaunchTests.swift; sourceTree = "<group>"; };
/* End PBXFileReference section */

/* Begin PBXFrameworksBuildPhase section */
		FD72AE59294E267300FED13A /* Frameworks */ = {
			isa = PBXFrameworksBuildPhase;
			buildActionMask = 2147483647;
			files = (
			);
			runOnlyForDeploymentPostprocessing = 0;
		};
		FD72AE6F294E267400FED13A /* Frameworks */ = {
			isa = PBXFrameworksBuildPhase;
			buildActionMask = 2147483647;
			files = (
			);
			runOnlyForDeploymentPostprocessing = 0;
		};
		FD72AE79294E267400FED13A /* Frameworks */ = {
			isa = PBXFrameworksBuildPhase;
			buildActionMask = 2147483647;
			files = (
			);
			runOnlyForDeploymentPostprocessing = 0;
		};
/* End PBXFrameworksBuildPhase section */

/* Begin PBXGroup section */
		FD72AE53294E267300FED13A = {
			isa = PBXGroup;
			children = (
				FD72AE5E294E267300FED13A /* MovieDB */,
				FD72AE75294E267400FED13A /* MovieDBTests */,
				FD72AE7F294E267400FED13A /* MovieDBUITests */,
				FD72AE5D294E267300FED13A /* Products */,
			);
			sourceTree = "<group>";
		};
		FD72AE5D294E267300FED13A /* Products */ = {
			isa = PBXGroup;
			children = (
				FD72AE5C294E267300FED13A /* MovieDB.app */,
				FD72AE72294E267400FED13A /* MovieDBTests.xctest */,
				FD72AE7C294E267400FED13A /* MovieDBUITests.xctest */,
			);
			name = Products;
			sourceTree = "<group>";
		};
		FD72AE5E294E267300FED13A /* MovieDB */ = {
			isa = PBXGroup;
			children = (
				FD72AE5F294E267300FED13A /* AppDelegate.swift */,
				FD72AE61294E267300FED13A /* SceneDelegate.swift */,
				FD72AE63294E267300FED13A /* ViewController.swift */,
				FD72AE65294E267300FED13A /* Main.storyboard */,
				FD72AE68294E267400FED13A /* Assets.xcassets */,
				FD72AE6A294E267400FED13A /* LaunchScreen.storyboard */,
				FD72AE6D294E267400FED13A /* Info.plist */,
			);
			path = MovieDB;
			sourceTree = "<group>";
		};
		FD72AE75294E267400FED13A /* MovieDBTests */ = {
			isa = PBXGroup;
			children = (
				FD72AE76294E267400FED13A /* MovieDBTests.swift */,
			);
			path = MovieDBTests;
			sourceTree = "<group>";
		};
		FD72AE7F294E267400FED13A /* MovieDBUITests */ = {
			isa = PBXGroup;
			children = (
				FD72AE80294E267400FED13A /* MovieDBUITests.swift */,
				FD72AE82294E267500FED13A /* MovieDBUITestsLaunchTests.swift */,
			);
			path = MovieDBUITests;
			sourceTree = "<group>";
		};
/* End PBXGroup section */

/* Begin PBXNativeTarget section */
		FD72AE5B294E267300FED13A /* MovieDB */ = {
			isa = PBXNativeTarget;
			buildConfigurationList = FD72AE86294E267500FED13A /* Build configuration list for PBXNativeTarget "MovieDB" */;
			buildPhases = (
				FD72AE58294E267300FED13A /* Sources */,
				FD72AE59294E267300FED13A /* Frameworks */,
				FD72AE5A294E267300FED13A /* Resources */,
			);
			buildRules = (
			);
			dependencies = (
			);
			name = MovieDB;
			productName = MovieDB;
			productReference = FD72AE5C294E267300FED13A /* MovieDB.app */;
			productType = "com.apple.product-type.application";
		};
		FD72AE71294E267400FED13A /* MovieDBTests */ = {
			isa = PBXNativeTarget;
			buildConfigurationList = FD72AE89294E267500FED13A /* Build configuration list for PBXNativeTarget "MovieDBTests" */;
			buildPhases = (
				FD72AE6E294E267400FED13A /* Sources */,
				FD72AE6F294E267400FED13A /* Frameworks */,
				FD72AE70294E267400FED13A /* Resources */,
			);
			buildRules = (
			);
			dependencies = (
				FD72AE74294E267400FED13A /* PBXTargetDependency */,
			);
			name = MovieDBTests;
			productName = MovieDBTests;
			productReference = FD72AE72294E267400FED13A /* MovieDBTests.xctest */;
			productType = "com.apple.product-type.bundle.unit-test";
		};
		FD72AE7B294E267400FED13A /* MovieDBUITests */ = {
			isa = PBXNativeTarget;
			buildConfigurationList = FD72AE8C294E267500FED13A /* Build configuration list for PBXNativeTarget "MovieDBUITests" */;
			buildPhases = (
				FD72AE78294E267400FED13A /* Sources */,
				FD72AE79294E267400FED13A /* Frameworks */,
				FD72AE7A294E267400FED13A /* Resources */,
			);
			buildRules = (
			);
			dependencies = (
				FD72AE7E294E267400FED13A /* PBXTargetDependency */,
			);
			name = MovieDBUITests;
			productName = MovieDBUITests;
			productReference = FD72AE7C294E267400FED13A /* MovieDBUITests.xctest */;
			productType = "com.apple.product-type.bundle.ui-testing";
		};
/* End PBXNativeTarget section */

/* Begin PBXProject section */
		FD72AE54294E267300FED13A /* Project object */ = {
			isa = PBXProject;
			attributes = {
				BuildIndependentTargetsInParallel = 1;
				LastSwiftUpdateCheck = 1420;
				LastUpgradeCheck = 1420;
				TargetAttributes = {
					FD72AE5B294E267300FED13A = {
						CreatedOnToolsVersion = 14.2;
					};
					FD72AE71294E267400FED13A = {
						CreatedOnToolsVersion = 14.2;
						TestTargetID = FD72AE5B294E267300FED13A;
					};
					FD72AE7B294E267400FED13A = {
						CreatedOnToolsVersion = 14.2;
						TestTargetID = FD72AE5B294E267300FED13A;
					};
				};
			};
			buildConfigurationList = FD72AE57294E267300FED13A /* Build configuration list for PBXProject "MovieDB" */;
			compatibilityVersion = "Xcode 14.0";
			developmentRegion = en;
			hasScannedForEncodings = 0;
			knownRegions = (
				en,
				Base,
			);
			mainGroup = FD72AE53294E267300FED13A;
			productRefGroup = FD72AE5D294E267300FED13A /* Products */;
			projectDirPath = "";
			projectRoot = "";
			targets = (
				FD72AE5B294E267300FED13A /* MovieDB */,
				FD72AE71294E267400FED13A /* MovieDBTests */,
				FD72AE7B294E267400FED13A /* MovieDBUITests */,
			);
		};
/* End PBXProject section */

/* Begin PBXResourcesBuildPhase section */
		FD72AE5A294E267300FED13A /* Resources */ = {
			isa = PBXResourcesBuildPhase;
			buildActionMask = 2147483647;
			files = (
				FD72AE6C294E267400FED13A /* LaunchScreen.storyboard in Resources */,
				FD72AE69294E267400FED13A /* Assets.xcassets in Resources */,
				FD72AE67294E267300FED13A /* Main.storyboard in Resources */,
			);
			runOnlyForDeploymentPostprocessing = 0;
		};
		FD72AE70294E267400FED13A /* Resources */ = {
			isa = PBXResourcesBuildPhase;
			buildActionMask = 2147483647;
			files = (
			);
			runOnlyForDeploymentPostprocessing = 0;
		};
		FD72AE7A294E267400FED13A /* Resources */ = {
			isa = PBXResourcesBuildPhase;
			buildActionMask = 2147483647;
			files = (
			);
			runOnlyForDeploymentPostprocessing = 0;
		};
/* End PBXResourcesBuildPhase section */

/* Begin PBXSourcesBuildPhase section */
		FD72AE58294E267300FED13A /* Sources */ = {
			isa = PBXSourcesBuildPhase;
			buildActionMask = 2147483647;
			files = (
				FD72AE64294E267300FED13A /* ViewController.swift in Sources */,
				FD72AE60294E267300FED13A /* AppDelegate.swift in Sources */,
				FD72AE62294E267300FED13A /* SceneDelegate.swift in Sources */,
			);
			runOnlyForDeploymentPostprocessing = 0;
		};
		FD72AE6E294E267400FED13A /* Sources */ = {
			isa = PBXSourcesBuildPhase;
			buildActionMask = 2147483647;
			files = (
				FD72AE77294E267400FED13A /* MovieDBTests.swift in Sources */,
			);
			runOnlyForDeploymentPostprocessing = 0;
		};
		FD72AE78294E267400FED13A /* Sources */ = {
			isa = PBXSourcesBuildPhase;
			buildActionMask = 2147483647;
			files = (
				FD72AE81294E267400FED13A /* MovieDBUITests.swift in Sources */,
				FD72AE83294E267500FED13A /* MovieDBUITestsLaunchTests.swift in Sources */,
			);
			runOnlyForDeploymentPostprocessing = 0;
		};
/* End PBXSourcesBuildPhase section */

/* Begin PBXTargetDependency section */
		FD72AE74294E267400FED13A /* PBXTargetDependency */ = {
			isa = PBXTargetDependency;
			target = FD72AE5B294E267300FED13A /* MovieDB */;
			targetProxy = FD72AE73294E267400FED13A /* PBXContainerItemProxy */;
		};
		FD72AE7E294E267400FED13A /* PBXTargetDependency */ = {
			isa = PBXTargetDependency;
			target = FD72AE5B294E267300FED13A /* MovieDB */;
			targetProxy = FD72AE7D294E267400FED13A /* PBXContainerItemProxy */;
		};
/* End PBXTargetDependency section */

/* Begin PBXVariantGroup section */
		FD72AE65294E267300FED13A /* Main.storyboard */ = {
			isa = PBXVariantGroup;
			children = (
				FD72AE66294E267300FED13A /* Base */,
			);
			name = Main.storyboard;
			sourceTree = "<group>";
		};
		FD72AE6A294E267400FED13A /* LaunchScreen.storyboard */ = {
			isa = PBXVariantGroup;
			children = (
				FD72AE6B294E267400FED13A /* Base */,
			);
			name = LaunchScreen.storyboard;
			sourceTree = "<group>";
		};
/* End PBXVariantGroup section */

/* Begin XCBuildConfiguration section */
		FD72AE84294E267500FED13A /* Debug */ = {
			isa = XCBuildConfiguration;
			buildSettings = {
				ALWAYS_SEARCH_USER_PATHS = NO;
				CLANG_ANALYZER_NONNULL = YES;
				CLANG_ANALYZER_NUMBER_OBJECT_CONVERSION = YES_AGGRESSIVE;
				CLANG_CXX_LANGUAGE_STANDARD = "gnu++20";
				CLANG_ENABLE_MODULES = YES;
				CLANG_ENABLE_OBJC_ARC = YES;
				CLANG_ENABLE_OBJC_WEAK = YES;
				CLANG_WARN_BLOCK_CAPTURE_AUTORELEASING = YES;
				CLANG_WARN_BOOL_CONVERSION = YES;
				CLANG_WARN_COMMA = YES;
				CLANG_WARN_CONSTANT_CONVERSION = YES;
				CLANG_WARN_DEPRECATED_OBJC_IMPLEMENTATIONS = YES;
				CLANG_WARN_DIRECT_OBJC_ISA_USAGE = YES_ERROR;
				CLANG_WARN_DOCUMENTATION_COMMENTS = YES;
				CLANG_WARN_EMPTY_BODY = YES;
				CLANG_WARN_ENUM_CONVERSION = YES;
				CLANG_WARN_INFINITE_RECURSION = YES;
				CLANG_WARN_INT_CONVERSION = YES;
				CLANG_WARN_NON_LITERAL_NULL_CONVERSION = YES;
				CLANG_WARN_OBJC_IMPLICIT_RETAIN_SELF = YES;
				CLANG_WARN_OBJC_LITERAL_CONVERSION = YES;
				CLANG_WARN_OBJC_ROOT_CLASS = YES_ERROR;
				CLANG_WARN_QUOTED_INCLUDE_IN_FRAMEWORK_HEADER = YES;
				CLANG_WARN_RANGE_LOOP_ANALYSIS = YES;
				CLANG_WARN_STRICT_PROTOTYPES = YES;
				CLANG_WARN_SUSPICIOUS_MOVE = YES;
				CLANG_WARN_UNGUARDED_AVAILABILITY = YES_AGGRESSIVE;
				CLANG_WARN_UNREACHABLE_CODE = YES;
				CLANG_WARN__DUPLICATE_METHOD_MATCH = YES;
				COPY_PHASE_STRIP = NO;
				DEBUG_INFORMATION_FORMAT = dwarf;
				ENABLE_STRICT_OBJC_MSGSEND = YES;
				ENABLE_TESTABILITY = YES;
				GCC_C_LANGUAGE_STANDARD = gnu11;
				GCC_DYNAMIC_NO_PIC = NO;
				GCC_NO_COMMON_BLOCKS = YES;
				GCC_OPTIMIZATION_LEVEL = 0;
				GCC_PREPROCESSOR_DEFINITIONS = (
					"DEBUG=1",
					"$(inherited)",
				);
				GCC_WARN_64_TO_32_BIT_CONVERSION = YES;
				GCC_WARN_ABOUT_RETURN_TYPE = YES_ERROR;
				GCC_WARN_UNDECLARED_SELECTOR = YES;
				GCC_WARN_UNINITIALIZED_AUTOS = YES_AGGRESSIVE;
				GCC_WARN_UNUSED_FUNCTION = YES;
				GCC_WARN_UNUSED_VARIABLE = YES;
				IPHONEOS_DEPLOYMENT_TARGET = 14.0;
				MTL_ENABLE_DEBUG_INFO = INCLUDE_SOURCE;
				MTL_FAST_MATH = YES;
				ONLY_ACTIVE_ARCH = YES;
				SDKROOT = iphoneos;
				SWIFT_ACTIVE_COMPILATION_CONDITIONS = DEBUG;
				SWIFT_OPTIMIZATION_LEVEL = "-Onone";
			};
			name = Debug;
		};
		FD72AE85294E267500FED13A /* Release */ = {
			isa = XCBuildConfiguration;
			buildSettings = {
				ALWAYS_SEARCH_USER_PATHS = NO;
				CLANG_ANALYZER_NONNULL = YES;
				CLANG_ANALYZER_NUMBER_OBJECT_CONVERSION = YES_AGGRESSIVE;
				CLANG_CXX_LANGUAGE_STANDARD = "gnu++20";
				CLANG_ENABLE_MODULES = YES;
				CLANG_ENABLE_OBJC_ARC = YES;
				CLANG_ENABLE_OBJC_WEAK = YES;
				CLANG_WARN_BLOCK_CAPTURE_AUTORELEASING = YES;
				CLANG_WARN_BOOL_CONVERSION = YES;
				CLANG_WARN_COMMA = YES;
				CLANG_WARN_CONSTANT_CONVERSION = YES;
				CLANG_WARN_DEPRECATED_OBJC_IMPLEMENTATIONS = YES;
				CLANG_WARN_DIRECT_OBJC_ISA_USAGE = YES_ERROR;
				CLANG_WARN_DOCUMENTATION_COMMENTS = YES;
				CLANG_WARN_EMPTY_BODY = YES;
				CLANG_WARN_ENUM_CONVERSION = YES;
				CLANG_WARN_INFINITE_RECURSION = YES;
				CLANG_WARN_INT_CONVERSION = YES;
				CLANG_WARN_NON_LITERAL_NULL_CONVERSION = YES;
				CLANG_WARN_OBJC_IMPLICIT_RETAIN_SELF = YES;
				CLANG_WARN_OBJC_LITERAL_CONVERSION = YES;
				CLANG_WARN_OBJC_ROOT_CLASS = YES_ERROR;
				CLANG_WARN_QUOTED_INCLUDE_IN_FRAMEWORK_HEADER = YES;
				CLANG_WARN_RANGE_LOOP_ANALYSIS = YES;
				CLANG_WARN_STRICT_PROTOTYPES = YES;
				CLANG_WARN_SUSPICIOUS_MOVE = YES;
				CLANG_WARN_UNGUARDED_AVAILABILITY = YES_AGGRESSIVE;
				CLANG_WARN_UNREACHABLE_CODE = YES;
				CLANG_WARN__DUPLICATE_METHOD_MATCH = YES;
				COPY_PHASE_STRIP = NO;
				DEBUG_INFORMATION_FORMAT = "dwarf-with-dsym";
				ENABLE_NS_ASSERTIONS = NO;
				ENABLE_STRICT_OBJC_MSGSEND = YES;
				GCC_C_LANGUAGE_STANDARD = gnu11;
				GCC_NO_COMMON_BLOCKS = YES;
				GCC_WARN_64_TO_32_BIT_CONVERSION = YES;
				GCC_WARN_ABOUT_RETURN_TYPE = YES_ERROR;
				GCC_WARN_UNDECLARED_SELECTOR = YES;
				GCC_WARN_UNINITIALIZED_AUTOS = YES_AGGRESSIVE;
				GCC_WARN_UNUSED_FUNCTION = YES;
				GCC_WARN_UNUSED_VARIABLE = YES;
				IPHONEOS_DEPLOYMENT_TARGET = 14.0;
				MTL_ENABLE_DEBUG_INFO = NO;
				MTL_FAST_MATH = YES;
				SDKROOT = iphoneos;
				SWIFT_COMPILATION_MODE = wholemodule;
				SWIFT_OPTIMIZATION_LEVEL = "-O";
				VALIDATE_PRODUCT = YES;
			};
			name = Release;
		};
		FD72AE87294E267500FED13A /* Debug */ = {
			isa = XCBuildConfiguration;
			buildSettings = {
				ASSETCATALOG_COMPILER_APPICON_NAME = AppIcon;
				ASSETCATALOG_COMPILER_GLOBAL_ACCENT_COLOR_NAME = AccentColor;
				CODE_SIGN_STYLE = Automatic;
				CURRENT_PROJECT_VERSION = 1;
				DEVELOPMENT_TEAM = 24Q6J2H875;
				GENERATE_INFOPLIST_FILE = YES;
				INFOPLIST_FILE = MovieDB/Info.plist;
				INFOPLIST_KEY_UIApplicationSupportsIndirectInputEvents = YES;
				INFOPLIST_KEY_UILaunchStoryboardName = LaunchScreen;
				INFOPLIST_KEY_UIMainStoryboardFile = Main;
				INFOPLIST_KEY_UISupportedInterfaceOrientations = UIInterfaceOrientationPortrait;
				IPHONEOS_DEPLOYMENT_TARGET = 14.0;
				LD_RUNPATH_SEARCH_PATHS = (
					"$(inherited)",
					"@executable_path/Frameworks",
				);
				MARKETING_VERSION = 1.0;
				PRODUCT_BUNDLE_IDENTIFIER = com.mikedoprado.MovieDB;
				PRODUCT_NAME = "$(TARGET_NAME)";
				SWIFT_EMIT_LOC_STRINGS = YES;
				SWIFT_VERSION = 5.0;
				TARGETED_DEVICE_FAMILY = "1,2";
			};
			name = Debug;
		};
		FD72AE88294E267500FED13A /* Release */ = {
			isa = XCBuildConfiguration;
			buildSettings = {
				ASSETCATALOG_COMPILER_APPICON_NAME = AppIcon;
				ASSETCATALOG_COMPILER_GLOBAL_ACCENT_COLOR_NAME = AccentColor;
				CODE_SIGN_STYLE = Automatic;
				CURRENT_PROJECT_VERSION = 1;
				DEVELOPMENT_TEAM = 24Q6J2H875;
				GENERATE_INFOPLIST_FILE = YES;
				INFOPLIST_FILE = MovieDB/Info.plist;
				INFOPLIST_KEY_UIApplicationSupportsIndirectInputEvents = YES;
				INFOPLIST_KEY_UILaunchStoryboardName = LaunchScreen;
				INFOPLIST_KEY_UIMainStoryboardFile = Main;
				INFOPLIST_KEY_UISupportedInterfaceOrientations = UIInterfaceOrientationPortrait;
				IPHONEOS_DEPLOYMENT_TARGET = 14.0;
				LD_RUNPATH_SEARCH_PATHS = (
					"$(inherited)",
					"@executable_path/Frameworks",
				);
				MARKETING_VERSION = 1.0;
				PRODUCT_BUNDLE_IDENTIFIER = com.mikedoprado.MovieDB;
				PRODUCT_NAME = "$(TARGET_NAME)";
				SWIFT_EMIT_LOC_STRINGS = YES;
				SWIFT_VERSION = 5.0;
				TARGETED_DEVICE_FAMILY = "1,2";
			};
			name = Release;
		};
		FD72AE8A294E267500FED13A /* Debug */ = {
			isa = XCBuildConfiguration;
			buildSettings = {
				ALWAYS_EMBED_SWIFT_STANDARD_LIBRARIES = YES;
				BUNDLE_LOADER = "$(TEST_HOST)";
				CODE_SIGN_STYLE = Automatic;
				CURRENT_PROJECT_VERSION = 1;
				DEVELOPMENT_TEAM = 24Q6J2H875;
				GENERATE_INFOPLIST_FILE = YES;
				IPHONEOS_DEPLOYMENT_TARGET = 16.2;
				MARKETING_VERSION = 1.0;
				PRODUCT_BUNDLE_IDENTIFIER = com.mikedoprado.MovieDBTests;
				PRODUCT_NAME = "$(TARGET_NAME)";
				SWIFT_EMIT_LOC_STRINGS = NO;
				SWIFT_VERSION = 5.0;
				TARGETED_DEVICE_FAMILY = "1,2";
				TEST_HOST = "$(BUILT_PRODUCTS_DIR)/MovieDB.app/$(BUNDLE_EXECUTABLE_FOLDER_PATH)/MovieDB";
			};
			name = Debug;
		};
		FD72AE8B294E267500FED13A /* Release */ = {
			isa = XCBuildConfiguration;
			buildSettings = {
				ALWAYS_EMBED_SWIFT_STANDARD_LIBRARIES = YES;
				BUNDLE_LOADER = "$(TEST_HOST)";
				CODE_SIGN_STYLE = Automatic;
				CURRENT_PROJECT_VERSION = 1;
				DEVELOPMENT_TEAM = 24Q6J2H875;
				GENERATE_INFOPLIST_FILE = YES;
				IPHONEOS_DEPLOYMENT_TARGET = 16.2;
				MARKETING_VERSION = 1.0;
				PRODUCT_BUNDLE_IDENTIFIER = com.mikedoprado.MovieDBTests;
				PRODUCT_NAME = "$(TARGET_NAME)";
				SWIFT_EMIT_LOC_STRINGS = NO;
				SWIFT_VERSION = 5.0;
				TARGETED_DEVICE_FAMILY = "1,2";
				TEST_HOST = "$(BUILT_PRODUCTS_DIR)/MovieDB.app/$(BUNDLE_EXECUTABLE_FOLDER_PATH)/MovieDB";
			};
			name = Release;
		};
		FD72AE8D294E267500FED13A /* Debug */ = {
			isa = XCBuildConfiguration;
			buildSettings = {
				ALWAYS_EMBED_SWIFT_STANDARD_LIBRARIES = YES;
				CODE_SIGN_STYLE = Automatic;
				CURRENT_PROJECT_VERSION = 1;
				DEVELOPMENT_TEAM = 24Q6J2H875;
				GENERATE_INFOPLIST_FILE = YES;
				MARKETING_VERSION = 1.0;
				PRODUCT_BUNDLE_IDENTIFIER = com.mikedoprado.MovieDBUITests;
				PRODUCT_NAME = "$(TARGET_NAME)";
				SWIFT_EMIT_LOC_STRINGS = NO;
				SWIFT_VERSION = 5.0;
				TARGETED_DEVICE_FAMILY = "1,2";
				TEST_TARGET_NAME = MovieDB;
			};
			name = Debug;
		};
		FD72AE8E294E267500FED13A /* Release */ = {
			isa = XCBuildConfiguration;
			buildSettings = {
				ALWAYS_EMBED_SWIFT_STANDARD_LIBRARIES = YES;
				CODE_SIGN_STYLE = Automatic;
				CURRENT_PROJECT_VERSION = 1;
				DEVELOPMENT_TEAM = 24Q6J2H875;
				GENERATE_INFOPLIST_FILE = YES;
				MARKETING_VERSION = 1.0;
				PRODUCT_BUNDLE_IDENTIFIER = com.mikedoprado.MovieDBUITests;
				PRODUCT_NAME = "$(TARGET_NAME)";
				SWIFT_EMIT_LOC_STRINGS = NO;
				SWIFT_VERSION = 5.0;
				TARGETED_DEVICE_FAMILY = "1,2";
				TEST_TARGET_NAME = MovieDB;
			};
			name = Release;
		};
/* End XCBuildConfiguration section */

/* Begin XCConfigurationList section */
		FD72AE57294E267300FED13A /* Build configuration list for PBXProject "MovieDB" */ = {
			isa = XCConfigurationList;
			buildConfigurations = (
				FD72AE84294E267500FED13A /* Debug */,
				FD72AE85294E267500FED13A /* Release */,
			);
			defaultConfigurationIsVisible = 0;
			defaultConfigurationName = Release;
		};
		FD72AE86294E267500FED13A /* Build configuration list for PBXNativeTarget "MovieDB" */ = {
			isa = XCConfigurationList;
			buildConfigurations = (
				FD72AE87294E267500FED13A /* Debug */,
				FD72AE88294E267500FED13A /* Release */,
			);
			defaultConfigurationIsVisible = 0;
			defaultConfigurationName = Release;
		};
		FD72AE89294E267500FED13A /* Build configuration list for PBXNativeTarget "MovieDBTests" */ = {
			isa = XCConfigurationList;
			buildConfigurations = (
				FD72AE8A294E267500FED13A /* Debug */,
				FD72AE8B294E267500FED13A /* Release */,
			);
			defaultConfigurationIsVisible = 0;
			defaultConfigurationName = Release;
		};
		FD72AE8C294E267500FED13A /* Build configuration list for PBXNativeTarget "MovieDBUITests" */ = {
			isa = XCConfigurationList;
			buildConfigurations = (
				FD72AE8D294E267500FED13A /* Debug */,
				FD72AE8E294E267500FED13A /* Release */,
			);
			defaultConfigurationIsVisible = 0;
			defaultConfigurationName = Release;
		};
/* End XCConfigurationList section */
	};
	rootObject = FD72AE54294E267300FED13A /* Project object */;
}
