// !$*UTF8*$!
{
	archiveVersion = 1;
	classes = {
	};
	objectVersion = 56;
	objects = {

/* Begin PBXBuildFile section */
		607DF3214B94CAE9E698CA6B /* Pods_MovieDBTests.framework in Frameworks */ = {isa = PBXBuildFile; fileRef = 4E5512BC55ED8AA64ADD2155 /* Pods_MovieDBTests.framework */; };
		796596CA2060CC3FF7CE0C5B /* Pods_MovieDB.framework in Frameworks */ = {isa = PBXBuildFile; fileRef = 0E98891AD97873B921464099 /* Pods_MovieDB.framework */; };
		95D13A56B53471576C3CB916 /* Pods_MovieDB_MovieDBUITests.framework in Frameworks */ = {isa = PBXBuildFile; fileRef = B6A03A715561FE05B1EDEDA0 /* Pods_MovieDB_MovieDBUITests.framework */; };
		FD1FF214294F53480006522D /* ProjectColors.swift in Sources */ = {isa = PBXBuildFile; fileRef = FD1FF213294F53480006522D /* ProjectColors.swift */; };
		FD1FF216294F53B60006522D /* Icons.swift in Sources */ = {isa = PBXBuildFile; fileRef = FD1FF215294F53B60006522D /* Icons.swift */; };
		FD1FF218294F54020006522D /* FontSize.swift in Sources */ = {isa = PBXBuildFile; fileRef = FD1FF217294F54020006522D /* FontSize.swift */; };
		FD1FF21A294F545B0006522D /* MarginSpaces.swift in Sources */ = {isa = PBXBuildFile; fileRef = FD1FF219294F545B0006522D /* MarginSpaces.swift */; };
		FD2490F12950919F0080CECB /* TVShowFeedViewController.swift in Sources */ = {isa = PBXBuildFile; fileRef = FD2490F02950919F0080CECB /* TVShowFeedViewController.swift */; };
		FD2490F42950A1F40080CECB /* CategoriesSegmentedController.swift in Sources */ = {isa = PBXBuildFile; fileRef = FD2490F32950A1F40080CECB /* CategoriesSegmentedController.swift */; };
		FD2490F62950A2F90080CECB /* MovieDBNavigationController.swift in Sources */ = {isa = PBXBuildFile; fileRef = FD2490F52950A2F90080CECB /* MovieDBNavigationController.swift */; };
		FD2490F82950A51C0080CECB /* ButtonBuilder.swift in Sources */ = {isa = PBXBuildFile; fileRef = FD2490F72950A51C0080CECB /* ButtonBuilder.swift */; };
		FD2490FA2950A7B60080CECB /* TVShowsCollectionView.swift in Sources */ = {isa = PBXBuildFile; fileRef = FD2490F92950A7B60080CECB /* TVShowsCollectionView.swift */; };
		FD2490FC2950A8250080CECB /* LabelBuilder.swift in Sources */ = {isa = PBXBuildFile; fileRef = FD2490FB2950A8250080CECB /* LabelBuilder.swift */; };
		FD2490FE2950AA760080CECB /* UIView+Identifier.swift in Sources */ = {isa = PBXBuildFile; fileRef = FD2490FD2950AA760080CECB /* UIView+Identifier.swift */; };
		FD2491002950B1F00080CECB /* ImageBuilder.swift in Sources */ = {isa = PBXBuildFile; fileRef = FD2490FF2950B1F00080CECB /* ImageBuilder.swift */; };
		FD2491022950B24D0080CECB /* TVShowCollectionViewCell.swift in Sources */ = {isa = PBXBuildFile; fileRef = FD2491012950B24D0080CECB /* TVShowCollectionViewCell.swift */; };
		FD2491062950B3C10080CECB /* DiscardableImageItem.swift in Sources */ = {isa = PBXBuildFile; fileRef = FD2491052950B3C10080CECB /* DiscardableImageItem.swift */; };
		FD2491082950B3E00080CECB /* CacheImageView.swift in Sources */ = {isa = PBXBuildFile; fileRef = FD2491072950B3E00080CECB /* CacheImageView.swift */; };
		FD24910A2950B42F0080CECB /* UIView+Loading.swift in Sources */ = {isa = PBXBuildFile; fileRef = FD2491092950B42F0080CECB /* UIView+Loading.swift */; };
		FD72AE60294E267300FED13A /* AppDelegate.swift in Sources */ = {isa = PBXBuildFile; fileRef = FD72AE5F294E267300FED13A /* AppDelegate.swift */; };
		FD72AE62294E267300FED13A /* SceneDelegate.swift in Sources */ = {isa = PBXBuildFile; fileRef = FD72AE61294E267300FED13A /* SceneDelegate.swift */; };
		FD72AE64294E267300FED13A /* ViewController.swift in Sources */ = {isa = PBXBuildFile; fileRef = FD72AE63294E267300FED13A /* ViewController.swift */; };
		FD72AE69294E267400FED13A /* Assets.xcassets in Resources */ = {isa = PBXBuildFile; fileRef = FD72AE68294E267400FED13A /* Assets.xcassets */; };
		FD72AE6C294E267400FED13A /* LaunchScreen.storyboard in Resources */ = {isa = PBXBuildFile; fileRef = FD72AE6A294E267400FED13A /* LaunchScreen.storyboard */; };
		FD72AE77294E267400FED13A /* MovieDBTests.swift in Sources */ = {isa = PBXBuildFile; fileRef = FD72AE76294E267400FED13A /* MovieDBTests.swift */; };
		FD72AE81294E267400FED13A /* MovieDBUITests.swift in Sources */ = {isa = PBXBuildFile; fileRef = FD72AE80294E267400FED13A /* MovieDBUITests.swift */; };
		FD72AE83294E267500FED13A /* MovieDBUITestsLaunchTests.swift in Sources */ = {isa = PBXBuildFile; fileRef = FD72AE82294E267500FED13A /* MovieDBUITestsLaunchTests.swift */; };
		FD791808294F73120037D0DB /* TVShow.swift in Sources */ = {isa = PBXBuildFile; fileRef = FD791807294F73120037D0DB /* TVShow.swift */; };
		FD79180A294F79310037D0DB /* TVShowDetails.swift in Sources */ = {isa = PBXBuildFile; fileRef = FD791809294F79310037D0DB /* TVShowDetails.swift */; };
		FD79180C294F794B0037D0DB /* Creator.swift in Sources */ = {isa = PBXBuildFile; fileRef = FD79180B294F794B0037D0DB /* Creator.swift */; };
		FD79180E294F795F0037D0DB /* Season.swift in Sources */ = {isa = PBXBuildFile; fileRef = FD79180D294F795F0037D0DB /* Season.swift */; };
		FD791810294F79890037D0DB /* Person.swift in Sources */ = {isa = PBXBuildFile; fileRef = FD79180F294F79890037D0DB /* Person.swift */; };
		FD791814294F7A8A0037D0DB /* TVShowsFeed.swift in Sources */ = {isa = PBXBuildFile; fileRef = FD791813294F7A8A0037D0DB /* TVShowsFeed.swift */; };
		FD791816294F7BC10037D0DB /* Endpoint.swift in Sources */ = {isa = PBXBuildFile; fileRef = FD791815294F7BC10037D0DB /* Endpoint.swift */; };
		FD791818294F7BE60037D0DB /* ApiPath.swift in Sources */ = {isa = PBXBuildFile; fileRef = FD791817294F7BE60037D0DB /* ApiPath.swift */; };
		FD79181B294F7D890037D0DB /* UIView+Constraints.swift in Sources */ = {isa = PBXBuildFile; fileRef = FD79181A294F7D890037D0DB /* UIView+Constraints.swift */; };
		FD79181D294F7DCC0037D0DB /* StackView+Custom.swift in Sources */ = {isa = PBXBuildFile; fileRef = FD79181C294F7DCC0037D0DB /* StackView+Custom.swift */; };
		FD79181F294F7F100037D0DB /* ApiError.swift in Sources */ = {isa = PBXBuildFile; fileRef = FD79181E294F7F100037D0DB /* ApiError.swift */; };
		FD791821294F80D00037D0DB /* EndpointTest.swift in Sources */ = {isa = PBXBuildFile; fileRef = FD791820294F80D00037D0DB /* EndpointTest.swift */; };
		FD791823294F93130037D0DB /* InfoById.swift in Sources */ = {isa = PBXBuildFile; fileRef = FD791822294F93130037D0DB /* InfoById.swift */; };
		FD791825294FA43E0037D0DB /* HTTPClient.swift in Sources */ = {isa = PBXBuildFile; fileRef = FD791824294FA43E0037D0DB /* HTTPClient.swift */; };
		FD791827294FA5FB0037D0DB /* URLSessionHTTPClientTest.swift in Sources */ = {isa = PBXBuildFile; fileRef = FD791826294FA5FB0037D0DB /* URLSessionHTTPClientTest.swift */; };
		FD79182A294FAB050037D0DB /* HTTPClientSpy.swift in Sources */ = {isa = PBXBuildFile; fileRef = FD791829294FAB050037D0DB /* HTTPClientSpy.swift */; };
		FD79182C294FC36D0037D0DB /* XCTestCase+MemoryLeakTracking.swift in Sources */ = {isa = PBXBuildFile; fileRef = FD79182B294FC36D0037D0DB /* XCTestCase+MemoryLeakTracking.swift */; };
		FD79182E294FC63B0037D0DB /* URLProtocolStub.swift in Sources */ = {isa = PBXBuildFile; fileRef = FD79182D294FC63B0037D0DB /* URLProtocolStub.swift */; };
		FD791830294FD5520037D0DB /* URLSessionHTTPClient.swift in Sources */ = {isa = PBXBuildFile; fileRef = FD79182F294FD5520037D0DB /* URLSessionHTTPClient.swift */; };
		FD976B9F294FE632002B9ACC /* TVShowDetailView.swift in Sources */ = {isa = PBXBuildFile; fileRef = FD976B9E294FE632002B9ACC /* TVShowDetailView.swift */; };
		FD976BA3294FE850002B9ACC /* UIColor+toSwfitUIColor.swift in Sources */ = {isa = PBXBuildFile; fileRef = FD976BA2294FE850002B9ACC /* UIColor+toSwfitUIColor.swift */; };
		FD976BA7295003C9002B9ACC /* SummaryView.swift in Sources */ = {isa = PBXBuildFile; fileRef = FD976BA6295003C9002B9ACC /* SummaryView.swift */; };
		FD976BA9295003F4002B9ACC /* CastListView.swift in Sources */ = {isa = PBXBuildFile; fileRef = FD976BA8295003F4002B9ACC /* CastListView.swift */; };
		FD976BAB29500445002B9ACC /* PersonView.swift in Sources */ = {isa = PBXBuildFile; fileRef = FD976BAA29500445002B9ACC /* PersonView.swift */; };
		FD976BAD2950048A002B9ACC /* TitleSection.swift in Sources */ = {isa = PBXBuildFile; fileRef = FD976BAC2950048A002B9ACC /* TitleSection.swift */; };
		FD976BAF295004A2002B9ACC /* TVShowNameView.swift in Sources */ = {isa = PBXBuildFile; fileRef = FD976BAE295004A2002B9ACC /* TVShowNameView.swift */; };
		FD976BB1295004E1002B9ACC /* DescriptionView.swift in Sources */ = {isa = PBXBuildFile; fileRef = FD976BB0295004E1002B9ACC /* DescriptionView.swift */; };
		FD976BB329500516002B9ACC /* SeasonView.swift in Sources */ = {isa = PBXBuildFile; fileRef = FD976BB229500516002B9ACC /* SeasonView.swift */; };
		FD976BB5295005D9002B9ACC /* PosterView.swift in Sources */ = {isa = PBXBuildFile; fileRef = FD976BB4295005D9002B9ACC /* PosterView.swift */; };
		FD976BB729500618002B9ACC /* PopularityView.swift in Sources */ = {isa = PBXBuildFile; fileRef = FD976BB629500618002B9ACC /* PopularityView.swift */; };
/* End PBXBuildFile section */

/* Begin PBXContainerItemProxy section */
		FD72AE73294E267400FED13A /* PBXContainerItemProxy */ = {
			isa = PBXContainerItemProxy;
			containerPortal = FD72AE54294E267300FED13A /* Project object */;
			proxyType = 1;
			remoteGlobalIDString = FD72AE5B294E267300FED13A;
			remoteInfo = MovieDB;
		};
		FD72AE7D294E267400FED13A /* PBXContainerItemProxy */ = {
			isa = PBXContainerItemProxy;
			containerPortal = FD72AE54294E267300FED13A /* Project object */;
			proxyType = 1;
			remoteGlobalIDString = FD72AE5B294E267300FED13A;
			remoteInfo = MovieDB;
		};
/* End PBXContainerItemProxy section */

/* Begin PBXFileReference section */
		0E98891AD97873B921464099 /* Pods_MovieDB.framework */ = {isa = PBXFileReference; explicitFileType = wrapper.framework; includeInIndex = 0; path = Pods_MovieDB.framework; sourceTree = BUILT_PRODUCTS_DIR; };
		4E5512BC55ED8AA64ADD2155 /* Pods_MovieDBTests.framework */ = {isa = PBXFileReference; explicitFileType = wrapper.framework; includeInIndex = 0; path = Pods_MovieDBTests.framework; sourceTree = BUILT_PRODUCTS_DIR; };
		61DA2AFCD4E0740B40C27973 /* Pods-MovieDB-MovieDBUITests.release.xcconfig */ = {isa = PBXFileReference; includeInIndex = 1; lastKnownFileType = text.xcconfig; name = "Pods-MovieDB-MovieDBUITests.release.xcconfig"; path = "Target Support Files/Pods-MovieDB-MovieDBUITests/Pods-MovieDB-MovieDBUITests.release.xcconfig"; sourceTree = "<group>"; };
		8A2A9BA26088C2050A73C1BF /* Pods-MovieDB.debug.xcconfig */ = {isa = PBXFileReference; includeInIndex = 1; lastKnownFileType = text.xcconfig; name = "Pods-MovieDB.debug.xcconfig"; path = "Target Support Files/Pods-MovieDB/Pods-MovieDB.debug.xcconfig"; sourceTree = "<group>"; };
		8C67D603A58A5564E2884D7B /* Pods-MovieDBTests.debug.xcconfig */ = {isa = PBXFileReference; includeInIndex = 1; lastKnownFileType = text.xcconfig; name = "Pods-MovieDBTests.debug.xcconfig"; path = "Target Support Files/Pods-MovieDBTests/Pods-MovieDBTests.debug.xcconfig"; sourceTree = "<group>"; };
		A653A2E77F27C110D8D4179E /* Pods-MovieDB.release.xcconfig */ = {isa = PBXFileReference; includeInIndex = 1; lastKnownFileType = text.xcconfig; name = "Pods-MovieDB.release.xcconfig"; path = "Target Support Files/Pods-MovieDB/Pods-MovieDB.release.xcconfig"; sourceTree = "<group>"; };
		B5461C5B6051E596F2FE07AB /* Pods-MovieDB-MovieDBUITests.debug.xcconfig */ = {isa = PBXFileReference; includeInIndex = 1; lastKnownFileType = text.xcconfig; name = "Pods-MovieDB-MovieDBUITests.debug.xcconfig"; path = "Target Support Files/Pods-MovieDB-MovieDBUITests/Pods-MovieDB-MovieDBUITests.debug.xcconfig"; sourceTree = "<group>"; };
		B6A03A715561FE05B1EDEDA0 /* Pods_MovieDB_MovieDBUITests.framework */ = {isa = PBXFileReference; explicitFileType = wrapper.framework; includeInIndex = 0; path = Pods_MovieDB_MovieDBUITests.framework; sourceTree = BUILT_PRODUCTS_DIR; };
		F279FAD67D316928AD19D0EF /* Pods-MovieDBTests.release.xcconfig */ = {isa = PBXFileReference; includeInIndex = 1; lastKnownFileType = text.xcconfig; name = "Pods-MovieDBTests.release.xcconfig"; path = "Target Support Files/Pods-MovieDBTests/Pods-MovieDBTests.release.xcconfig"; sourceTree = "<group>"; };
		FD1FF213294F53480006522D /* ProjectColors.swift */ = {isa = PBXFileReference; lastKnownFileType = sourcecode.swift; path = ProjectColors.swift; sourceTree = "<group>"; };
		FD1FF215294F53B60006522D /* Icons.swift */ = {isa = PBXFileReference; lastKnownFileType = sourcecode.swift; path = Icons.swift; sourceTree = "<group>"; };
		FD1FF217294F54020006522D /* FontSize.swift */ = {isa = PBXFileReference; lastKnownFileType = sourcecode.swift; path = FontSize.swift; sourceTree = "<group>"; };
		FD1FF219294F545B0006522D /* MarginSpaces.swift */ = {isa = PBXFileReference; lastKnownFileType = sourcecode.swift; path = MarginSpaces.swift; sourceTree = "<group>"; };
		FD2490F02950919F0080CECB /* TVShowFeedViewController.swift */ = {isa = PBXFileReference; lastKnownFileType = sourcecode.swift; path = TVShowFeedViewController.swift; sourceTree = "<group>"; };
		FD2490F32950A1F40080CECB /* CategoriesSegmentedController.swift */ = {isa = PBXFileReference; lastKnownFileType = sourcecode.swift; path = CategoriesSegmentedController.swift; sourceTree = "<group>"; };
		FD2490F52950A2F90080CECB /* MovieDBNavigationController.swift */ = {isa = PBXFileReference; lastKnownFileType = sourcecode.swift; path = MovieDBNavigationController.swift; sourceTree = "<group>"; };
		FD2490F72950A51C0080CECB /* ButtonBuilder.swift */ = {isa = PBXFileReference; lastKnownFileType = sourcecode.swift; path = ButtonBuilder.swift; sourceTree = "<group>"; };
		FD2490F92950A7B60080CECB /* TVShowsCollectionView.swift */ = {isa = PBXFileReference; lastKnownFileType = sourcecode.swift; path = TVShowsCollectionView.swift; sourceTree = "<group>"; };
		FD2490FB2950A8250080CECB /* LabelBuilder.swift */ = {isa = PBXFileReference; lastKnownFileType = sourcecode.swift; path = LabelBuilder.swift; sourceTree = "<group>"; };
		FD2490FD2950AA760080CECB /* UIView+Identifier.swift */ = {isa = PBXFileReference; lastKnownFileType = sourcecode.swift; path = "UIView+Identifier.swift"; sourceTree = "<group>"; };
		FD2490FF2950B1F00080CECB /* ImageBuilder.swift */ = {isa = PBXFileReference; lastKnownFileType = sourcecode.swift; path = ImageBuilder.swift; sourceTree = "<group>"; };
		FD2491012950B24D0080CECB /* TVShowCollectionViewCell.swift */ = {isa = PBXFileReference; lastKnownFileType = sourcecode.swift; path = TVShowCollectionViewCell.swift; sourceTree = "<group>"; };
		FD2491052950B3C10080CECB /* DiscardableImageItem.swift */ = {isa = PBXFileReference; lastKnownFileType = sourcecode.swift; path = DiscardableImageItem.swift; sourceTree = "<group>"; };
		FD2491072950B3E00080CECB /* CacheImageView.swift */ = {isa = PBXFileReference; lastKnownFileType = sourcecode.swift; path = CacheImageView.swift; sourceTree = "<group>"; };
		FD2491092950B42F0080CECB /* UIView+Loading.swift */ = {isa = PBXFileReference; lastKnownFileType = sourcecode.swift; path = "UIView+Loading.swift"; sourceTree = "<group>"; };
		FD72AE5C294E267300FED13A /* MovieDB.app */ = {isa = PBXFileReference; explicitFileType = wrapper.application; includeInIndex = 0; path = MovieDB.app; sourceTree = BUILT_PRODUCTS_DIR; };
		FD72AE5F294E267300FED13A /* AppDelegate.swift */ = {isa = PBXFileReference; lastKnownFileType = sourcecode.swift; path = AppDelegate.swift; sourceTree = "<group>"; };
		FD72AE61294E267300FED13A /* SceneDelegate.swift */ = {isa = PBXFileReference; lastKnownFileType = sourcecode.swift; path = SceneDelegate.swift; sourceTree = "<group>"; };
		FD72AE63294E267300FED13A /* ViewController.swift */ = {isa = PBXFileReference; lastKnownFileType = sourcecode.swift; path = ViewController.swift; sourceTree = "<group>"; };
		FD72AE68294E267400FED13A /* Assets.xcassets */ = {isa = PBXFileReference; lastKnownFileType = folder.assetcatalog; path = Assets.xcassets; sourceTree = "<group>"; };
		FD72AE6B294E267400FED13A /* Base */ = {isa = PBXFileReference; lastKnownFileType = file.storyboard; name = Base; path = Base.lproj/LaunchScreen.storyboard; sourceTree = "<group>"; };
		FD72AE6D294E267400FED13A /* Info.plist */ = {isa = PBXFileReference; lastKnownFileType = text.plist.xml; path = Info.plist; sourceTree = "<group>"; };
		FD72AE72294E267400FED13A /* MovieDBTests.xctest */ = {isa = PBXFileReference; explicitFileType = wrapper.cfbundle; includeInIndex = 0; path = MovieDBTests.xctest; sourceTree = BUILT_PRODUCTS_DIR; };
		FD72AE76294E267400FED13A /* MovieDBTests.swift */ = {isa = PBXFileReference; lastKnownFileType = sourcecode.swift; path = MovieDBTests.swift; sourceTree = "<group>"; };
		FD72AE7C294E267400FED13A /* MovieDBUITests.xctest */ = {isa = PBXFileReference; explicitFileType = wrapper.cfbundle; includeInIndex = 0; path = MovieDBUITests.xctest; sourceTree = BUILT_PRODUCTS_DIR; };
		FD72AE80294E267400FED13A /* MovieDBUITests.swift */ = {isa = PBXFileReference; lastKnownFileType = sourcecode.swift; path = MovieDBUITests.swift; sourceTree = "<group>"; };
		FD72AE82294E267500FED13A /* MovieDBUITestsLaunchTests.swift */ = {isa = PBXFileReference; lastKnownFileType = sourcecode.swift; path = MovieDBUITestsLaunchTests.swift; sourceTree = "<group>"; };
		FD791807294F73120037D0DB /* TVShow.swift */ = {isa = PBXFileReference; lastKnownFileType = sourcecode.swift; path = TVShow.swift; sourceTree = "<group>"; };
		FD791809294F79310037D0DB /* TVShowDetails.swift */ = {isa = PBXFileReference; lastKnownFileType = sourcecode.swift; path = TVShowDetails.swift; sourceTree = "<group>"; };
		FD79180B294F794B0037D0DB /* Creator.swift */ = {isa = PBXFileReference; lastKnownFileType = sourcecode.swift; path = Creator.swift; sourceTree = "<group>"; };
		FD79180D294F795F0037D0DB /* Season.swift */ = {isa = PBXFileReference; lastKnownFileType = sourcecode.swift; path = Season.swift; sourceTree = "<group>"; };
		FD79180F294F79890037D0DB /* Person.swift */ = {isa = PBXFileReference; lastKnownFileType = sourcecode.swift; path = Person.swift; sourceTree = "<group>"; };
		FD791813294F7A8A0037D0DB /* TVShowsFeed.swift */ = {isa = PBXFileReference; lastKnownFileType = sourcecode.swift; path = TVShowsFeed.swift; sourceTree = "<group>"; };
		FD791815294F7BC10037D0DB /* Endpoint.swift */ = {isa = PBXFileReference; lastKnownFileType = sourcecode.swift; path = Endpoint.swift; sourceTree = "<group>"; };
		FD791817294F7BE60037D0DB /* ApiPath.swift */ = {isa = PBXFileReference; lastKnownFileType = sourcecode.swift; path = ApiPath.swift; sourceTree = "<group>"; };
		FD79181A294F7D890037D0DB /* UIView+Constraints.swift */ = {isa = PBXFileReference; lastKnownFileType = sourcecode.swift; path = "UIView+Constraints.swift"; sourceTree = "<group>"; };
		FD79181C294F7DCC0037D0DB /* StackView+Custom.swift */ = {isa = PBXFileReference; lastKnownFileType = sourcecode.swift; path = "StackView+Custom.swift"; sourceTree = "<group>"; };
		FD79181E294F7F100037D0DB /* ApiError.swift */ = {isa = PBXFileReference; lastKnownFileType = sourcecode.swift; path = ApiError.swift; sourceTree = "<group>"; };
		FD791820294F80D00037D0DB /* EndpointTest.swift */ = {isa = PBXFileReference; lastKnownFileType = sourcecode.swift; path = EndpointTest.swift; sourceTree = "<group>"; };
		FD791822294F93130037D0DB /* InfoById.swift */ = {isa = PBXFileReference; lastKnownFileType = sourcecode.swift; path = InfoById.swift; sourceTree = "<group>"; };
		FD791824294FA43E0037D0DB /* HTTPClient.swift */ = {isa = PBXFileReference; lastKnownFileType = sourcecode.swift; path = HTTPClient.swift; sourceTree = "<group>"; };
		FD791826294FA5FB0037D0DB /* URLSessionHTTPClientTest.swift */ = {isa = PBXFileReference; lastKnownFileType = sourcecode.swift; path = URLSessionHTTPClientTest.swift; sourceTree = "<group>"; };
		FD791829294FAB050037D0DB /* HTTPClientSpy.swift */ = {isa = PBXFileReference; lastKnownFileType = sourcecode.swift; path = HTTPClientSpy.swift; sourceTree = "<group>"; };
		FD79182B294FC36D0037D0DB /* XCTestCase+MemoryLeakTracking.swift */ = {isa = PBXFileReference; lastKnownFileType = sourcecode.swift; path = "XCTestCase+MemoryLeakTracking.swift"; sourceTree = "<group>"; };
		FD79182D294FC63B0037D0DB /* URLProtocolStub.swift */ = {isa = PBXFileReference; lastKnownFileType = sourcecode.swift; path = URLProtocolStub.swift; sourceTree = "<group>"; };
		FD79182F294FD5520037D0DB /* URLSessionHTTPClient.swift */ = {isa = PBXFileReference; lastKnownFileType = sourcecode.swift; path = URLSessionHTTPClient.swift; sourceTree = "<group>"; };
		FD976B9E294FE632002B9ACC /* TVShowDetailView.swift */ = {isa = PBXFileReference; lastKnownFileType = sourcecode.swift; path = TVShowDetailView.swift; sourceTree = "<group>"; };
		FD976BA2294FE850002B9ACC /* UIColor+toSwfitUIColor.swift */ = {isa = PBXFileReference; lastKnownFileType = sourcecode.swift; path = "UIColor+toSwfitUIColor.swift"; sourceTree = "<group>"; };
		FD976BA6295003C9002B9ACC /* SummaryView.swift */ = {isa = PBXFileReference; lastKnownFileType = sourcecode.swift; path = SummaryView.swift; sourceTree = "<group>"; };
		FD976BA8295003F4002B9ACC /* CastListView.swift */ = {isa = PBXFileReference; lastKnownFileType = sourcecode.swift; path = CastListView.swift; sourceTree = "<group>"; };
		FD976BAA29500445002B9ACC /* PersonView.swift */ = {isa = PBXFileReference; lastKnownFileType = sourcecode.swift; path = PersonView.swift; sourceTree = "<group>"; };
		FD976BAC2950048A002B9ACC /* TitleSection.swift */ = {isa = PBXFileReference; lastKnownFileType = sourcecode.swift; path = TitleSection.swift; sourceTree = "<group>"; };
		FD976BAE295004A2002B9ACC /* TVShowNameView.swift */ = {isa = PBXFileReference; lastKnownFileType = sourcecode.swift; path = TVShowNameView.swift; sourceTree = "<group>"; };
		FD976BB0295004E1002B9ACC /* DescriptionView.swift */ = {isa = PBXFileReference; lastKnownFileType = sourcecode.swift; path = DescriptionView.swift; sourceTree = "<group>"; };
		FD976BB229500516002B9ACC /* SeasonView.swift */ = {isa = PBXFileReference; lastKnownFileType = sourcecode.swift; path = SeasonView.swift; sourceTree = "<group>"; };
		FD976BB4295005D9002B9ACC /* PosterView.swift */ = {isa = PBXFileReference; lastKnownFileType = sourcecode.swift; path = PosterView.swift; sourceTree = "<group>"; };
		FD976BB629500618002B9ACC /* PopularityView.swift */ = {isa = PBXFileReference; lastKnownFileType = sourcecode.swift; path = PopularityView.swift; sourceTree = "<group>"; };
/* End PBXFileReference section */

/* Begin PBXFrameworksBuildPhase section */
		FD72AE59294E267300FED13A /* Frameworks */ = {
			isa = PBXFrameworksBuildPhase;
			buildActionMask = 2147483647;
			files = (
				796596CA2060CC3FF7CE0C5B /* Pods_MovieDB.framework in Frameworks */,
			);
			runOnlyForDeploymentPostprocessing = 0;
		};
		FD72AE6F294E267400FED13A /* Frameworks */ = {
			isa = PBXFrameworksBuildPhase;
			buildActionMask = 2147483647;
			files = (
				607DF3214B94CAE9E698CA6B /* Pods_MovieDBTests.framework in Frameworks */,
			);
			runOnlyForDeploymentPostprocessing = 0;
		};
		FD72AE79294E267400FED13A /* Frameworks */ = {
			isa = PBXFrameworksBuildPhase;
			buildActionMask = 2147483647;
			files = (
				95D13A56B53471576C3CB916 /* Pods_MovieDB_MovieDBUITests.framework in Frameworks */,
			);
			runOnlyForDeploymentPostprocessing = 0;
		};
/* End PBXFrameworksBuildPhase section */

/* Begin PBXGroup section */
		A7F473DC194A241BB235337C /* Pods */ = {
			isa = PBXGroup;
			children = (
				8A2A9BA26088C2050A73C1BF /* Pods-MovieDB.debug.xcconfig */,
				A653A2E77F27C110D8D4179E /* Pods-MovieDB.release.xcconfig */,
				B5461C5B6051E596F2FE07AB /* Pods-MovieDB-MovieDBUITests.debug.xcconfig */,
				61DA2AFCD4E0740B40C27973 /* Pods-MovieDB-MovieDBUITests.release.xcconfig */,
				8C67D603A58A5564E2884D7B /* Pods-MovieDBTests.debug.xcconfig */,
				F279FAD67D316928AD19D0EF /* Pods-MovieDBTests.release.xcconfig */,
			);
			path = Pods;
			sourceTree = "<group>";
		};
		ADF404F3F6993EDB25377C22 /* Frameworks */ = {
			isa = PBXGroup;
			children = (
				0E98891AD97873B921464099 /* Pods_MovieDB.framework */,
				B6A03A715561FE05B1EDEDA0 /* Pods_MovieDB_MovieDBUITests.framework */,
				4E5512BC55ED8AA64ADD2155 /* Pods_MovieDBTests.framework */,
			);
			name = Frameworks;
			sourceTree = "<group>";
		};
		FD1FF212294F52CB0006522D /* DesignSystem */ = {
			isa = PBXGroup;
			children = (
				FD1FF213294F53480006522D /* ProjectColors.swift */,
				FD1FF215294F53B60006522D /* Icons.swift */,
				FD1FF217294F54020006522D /* FontSize.swift */,
				FD1FF219294F545B0006522D /* MarginSpaces.swift */,
				FD2490F72950A51C0080CECB /* ButtonBuilder.swift */,
				FD2490FB2950A8250080CECB /* LabelBuilder.swift */,
				FD2490FF2950B1F00080CECB /* ImageBuilder.swift */,
			);
			path = DesignSystem;
			sourceTree = "<group>";
		};
		FD2490EF2950916A0080CECB /* TVShowFeedFeature */ = {
			isa = PBXGroup;
			children = (
				FD24910B2950BBEE0080CECB /* ViewModels */,
				FD2490F22950A1C00080CECB /* Controllers */,
			);
			path = TVShowFeedFeature;
			sourceTree = "<group>";
		};
		FD2490F22950A1C00080CECB /* Controllers */ = {
			isa = PBXGroup;
			children = (
				FD2490F02950919F0080CECB /* TVShowFeedViewController.swift */,
				FD2490F32950A1F40080CECB /* CategoriesSegmentedController.swift */,
				FD2490F52950A2F90080CECB /* MovieDBNavigationController.swift */,
				FD2490F92950A7B60080CECB /* TVShowsCollectionView.swift */,
				FD2491012950B24D0080CECB /* TVShowCollectionViewCell.swift */,
			);
			path = Controllers;
			sourceTree = "<group>";
		};
		FD2491032950B39C0080CECB /* Helpers */ = {
			isa = PBXGroup;
			children = (
				FD2491042950B3A50080CECB /* CacheImage */,
			);
			path = Helpers;
			sourceTree = "<group>";
		};
		FD2491042950B3A50080CECB /* CacheImage */ = {
			isa = PBXGroup;
			children = (
				FD2491052950B3C10080CECB /* DiscardableImageItem.swift */,
				FD2491072950B3E00080CECB /* CacheImageView.swift */,
			);
			path = CacheImage;
			sourceTree = "<group>";
		};
		FD24910B2950BBEE0080CECB /* ViewModels */ = {
			isa = PBXGroup;
			children = (
			);
			path = ViewModels;
			sourceTree = "<group>";
		};
		FD72AE53294E267300FED13A = {
			isa = PBXGroup;
			children = (
				FD72AE5E294E267300FED13A /* MovieDB */,
				FD72AE75294E267400FED13A /* MovieDBTests */,
				FD72AE7F294E267400FED13A /* MovieDBUITests */,
				FD72AE5D294E267300FED13A /* Products */,
				A7F473DC194A241BB235337C /* Pods */,
				ADF404F3F6993EDB25377C22 /* Frameworks */,
			);
			sourceTree = "<group>";
		};
		FD72AE5D294E267300FED13A /* Products */ = {
			isa = PBXGroup;
			children = (
				FD72AE5C294E267300FED13A /* MovieDB.app */,
				FD72AE72294E267400FED13A /* MovieDBTests.xctest */,
				FD72AE7C294E267400FED13A /* MovieDBUITests.xctest */,
			);
			name = Products;
			sourceTree = "<group>";
		};
		FD72AE5E294E267300FED13A /* MovieDB */ = {
			isa = PBXGroup;
			children = (
				FD2491032950B39C0080CECB /* Helpers */,
				FD2490EF2950916A0080CECB /* TVShowFeedFeature */,
				FD976B9C294FE5FD002B9ACC /* TvShowDetailFeature */,
				FD791819294F7D740037D0DB /* Extensions */,
				FD791811294F7A3E0037D0DB /* Network */,
				FD72AE5F294E267300FED13A /* AppDelegate.swift */,
				FD72AE61294E267300FED13A /* SceneDelegate.swift */,
				FD72AE63294E267300FED13A /* ViewController.swift */,
				FD791806294F72FF0037D0DB /* Models */,
				FD1FF212294F52CB0006522D /* DesignSystem */,
				FD72AE68294E267400FED13A /* Assets.xcassets */,
				FD72AE6A294E267400FED13A /* LaunchScreen.storyboard */,
				FD72AE6D294E267400FED13A /* Info.plist */,
			);
			path = MovieDB;
			sourceTree = "<group>";
		};
		FD72AE75294E267400FED13A /* MovieDBTests */ = {
			isa = PBXGroup;
			children = (
				FD791828294FAAF10037D0DB /* Helpers */,
				FD72AE76294E267400FED13A /* MovieDBTests.swift */,
				FD791820294F80D00037D0DB /* EndpointTest.swift */,
				FD791826294FA5FB0037D0DB /* URLSessionHTTPClientTest.swift */,
			);
			path = MovieDBTests;
			sourceTree = "<group>";
		};
		FD72AE7F294E267400FED13A /* MovieDBUITests */ = {
			isa = PBXGroup;
			children = (
				FD72AE80294E267400FED13A /* MovieDBUITests.swift */,
				FD72AE82294E267500FED13A /* MovieDBUITestsLaunchTests.swift */,
			);
			path = MovieDBUITests;
			sourceTree = "<group>";
		};
		FD791806294F72FF0037D0DB /* Models */ = {
			isa = PBXGroup;
			children = (
				FD791807294F73120037D0DB /* TVShow.swift */,
				FD79180D294F795F0037D0DB /* Season.swift */,
				FD79180B294F794B0037D0DB /* Creator.swift */,
				FD791809294F79310037D0DB /* TVShowDetails.swift */,
				FD79180F294F79890037D0DB /* Person.swift */,
			);
			path = Models;
			sourceTree = "<group>";
		};
		FD791811294F7A3E0037D0DB /* Network */ = {
			isa = PBXGroup;
			children = (
				FD791812294F7A4A0037D0DB /* URLComponents */,
				FD79181E294F7F100037D0DB /* ApiError.swift */,
				FD791824294FA43E0037D0DB /* HTTPClient.swift */,
				FD79182F294FD5520037D0DB /* URLSessionHTTPClient.swift */,
			);
			path = Network;
			sourceTree = "<group>";
		};
		FD791812294F7A4A0037D0DB /* URLComponents */ = {
			isa = PBXGroup;
			children = (
				FD791813294F7A8A0037D0DB /* TVShowsFeed.swift */,
				FD791815294F7BC10037D0DB /* Endpoint.swift */,
				FD791817294F7BE60037D0DB /* ApiPath.swift */,
				FD791822294F93130037D0DB /* InfoById.swift */,
			);
			path = URLComponents;
			sourceTree = "<group>";
		};
		FD791819294F7D740037D0DB /* Extensions */ = {
			isa = PBXGroup;
			children = (
				FD79181A294F7D890037D0DB /* UIView+Constraints.swift */,
				FD79181C294F7DCC0037D0DB /* StackView+Custom.swift */,
				FD976BA2294FE850002B9ACC /* UIColor+toSwfitUIColor.swift */,
				FD2490FD2950AA760080CECB /* UIView+Identifier.swift */,
				FD2491092950B42F0080CECB /* UIView+Loading.swift */,
			);
			path = Extensions;
			sourceTree = "<group>";
		};
		FD791828294FAAF10037D0DB /* Helpers */ = {
			isa = PBXGroup;
			children = (
				FD791829294FAB050037D0DB /* HTTPClientSpy.swift */,
				FD79182B294FC36D0037D0DB /* XCTestCase+MemoryLeakTracking.swift */,
				FD79182D294FC63B0037D0DB /* URLProtocolStub.swift */,
			);
			path = Helpers;
			sourceTree = "<group>";
		};
		FD976B9C294FE5FD002B9ACC /* TvShowDetailFeature */ = {
			isa = PBXGroup;
			children = (
				FD976B9D294FE618002B9ACC /* Views */,
			);
			path = TvShowDetailFeature;
			sourceTree = "<group>";
		};
		FD976B9D294FE618002B9ACC /* Views */ = {
			isa = PBXGroup;
			children = (
				FD976B9E294FE632002B9ACC /* TVShowDetailView.swift */,
				FD976BB629500618002B9ACC /* PopularityView.swift */,
				FD976BA8295003F4002B9ACC /* CastListView.swift */,
				FD976BA6295003C9002B9ACC /* SummaryView.swift */,
				FD976BAA29500445002B9ACC /* PersonView.swift */,
				FD976BAC2950048A002B9ACC /* TitleSection.swift */,
				FD976BAE295004A2002B9ACC /* TVShowNameView.swift */,
				FD976BB0295004E1002B9ACC /* DescriptionView.swift */,
				FD976BB229500516002B9ACC /* SeasonView.swift */,
				FD976BB4295005D9002B9ACC /* PosterView.swift */,
			);
			path = Views;
			sourceTree = "<group>";
		};
/* End PBXGroup section */

/* Begin PBXNativeTarget section */
		FD72AE5B294E267300FED13A /* MovieDB */ = {
			isa = PBXNativeTarget;
			buildConfigurationList = FD72AE86294E267500FED13A /* Build configuration list for PBXNativeTarget "MovieDB" */;
			buildPhases = (
				EFA8E23B4C7CBFED4D1B1752 /* [CP] Check Pods Manifest.lock */,
				FD72AE58294E267300FED13A /* Sources */,
				FD72AE59294E267300FED13A /* Frameworks */,
				FD72AE5A294E267300FED13A /* Resources */,
				08C7E5035692852FD1806634 /* [CP] Embed Pods Frameworks */,
			);
			buildRules = (
			);
			dependencies = (
			);
			name = MovieDB;
			productName = MovieDB;
			productReference = FD72AE5C294E267300FED13A /* MovieDB.app */;
			productType = "com.apple.product-type.application";
		};
		FD72AE71294E267400FED13A /* MovieDBTests */ = {
			isa = PBXNativeTarget;
			buildConfigurationList = FD72AE89294E267500FED13A /* Build configuration list for PBXNativeTarget "MovieDBTests" */;
			buildPhases = (
				DD4E0026C64803E179232110 /* [CP] Check Pods Manifest.lock */,
				FD72AE6E294E267400FED13A /* Sources */,
				FD72AE6F294E267400FED13A /* Frameworks */,
				FD72AE70294E267400FED13A /* Resources */,
				C30D33DED962338A40A43118 /* [CP] Embed Pods Frameworks */,
			);
			buildRules = (
			);
			dependencies = (
				FD72AE74294E267400FED13A /* PBXTargetDependency */,
			);
			name = MovieDBTests;
			productName = MovieDBTests;
			productReference = FD72AE72294E267400FED13A /* MovieDBTests.xctest */;
			productType = "com.apple.product-type.bundle.unit-test";
		};
		FD72AE7B294E267400FED13A /* MovieDBUITests */ = {
			isa = PBXNativeTarget;
			buildConfigurationList = FD72AE8C294E267500FED13A /* Build configuration list for PBXNativeTarget "MovieDBUITests" */;
			buildPhases = (
				DEFD591F91D6E212E1F8D4CA /* [CP] Check Pods Manifest.lock */,
				FD72AE78294E267400FED13A /* Sources */,
				FD72AE79294E267400FED13A /* Frameworks */,
				FD72AE7A294E267400FED13A /* Resources */,
				2A502F558EC7C4AB0202D512 /* [CP] Embed Pods Frameworks */,
			);
			buildRules = (
			);
			dependencies = (
				FD72AE7E294E267400FED13A /* PBXTargetDependency */,
			);
			name = MovieDBUITests;
			productName = MovieDBUITests;
			productReference = FD72AE7C294E267400FED13A /* MovieDBUITests.xctest */;
			productType = "com.apple.product-type.bundle.ui-testing";
		};
/* End PBXNativeTarget section */

/* Begin PBXProject section */
		FD72AE54294E267300FED13A /* Project object */ = {
			isa = PBXProject;
			attributes = {
				BuildIndependentTargetsInParallel = 1;
				LastSwiftUpdateCheck = 1420;
				LastUpgradeCheck = 1420;
				TargetAttributes = {
					FD72AE5B294E267300FED13A = {
						CreatedOnToolsVersion = 14.2;
					};
					FD72AE71294E267400FED13A = {
						CreatedOnToolsVersion = 14.2;
						TestTargetID = FD72AE5B294E267300FED13A;
					};
					FD72AE7B294E267400FED13A = {
						CreatedOnToolsVersion = 14.2;
						TestTargetID = FD72AE5B294E267300FED13A;
					};
				};
			};
			buildConfigurationList = FD72AE57294E267300FED13A /* Build configuration list for PBXProject "MovieDB" */;
			compatibilityVersion = "Xcode 14.0";
			developmentRegion = en;
			hasScannedForEncodings = 0;
			knownRegions = (
				en,
				Base,
			);
			mainGroup = FD72AE53294E267300FED13A;
			productRefGroup = FD72AE5D294E267300FED13A /* Products */;
			projectDirPath = "";
			projectRoot = "";
			targets = (
				FD72AE5B294E267300FED13A /* MovieDB */,
				FD72AE71294E267400FED13A /* MovieDBTests */,
				FD72AE7B294E267400FED13A /* MovieDBUITests */,
			);
		};
/* End PBXProject section */

/* Begin PBXResourcesBuildPhase section */
		FD72AE5A294E267300FED13A /* Resources */ = {
			isa = PBXResourcesBuildPhase;
			buildActionMask = 2147483647;
			files = (
				FD72AE6C294E267400FED13A /* LaunchScreen.storyboard in Resources */,
				FD72AE69294E267400FED13A /* Assets.xcassets in Resources */,
			);
			runOnlyForDeploymentPostprocessing = 0;
		};
		FD72AE70294E267400FED13A /* Resources */ = {
			isa = PBXResourcesBuildPhase;
			buildActionMask = 2147483647;
			files = (
			);
			runOnlyForDeploymentPostprocessing = 0;
		};
		FD72AE7A294E267400FED13A /* Resources */ = {
			isa = PBXResourcesBuildPhase;
			buildActionMask = 2147483647;
			files = (
			);
			runOnlyForDeploymentPostprocessing = 0;
		};
/* End PBXResourcesBuildPhase section */

/* Begin PBXShellScriptBuildPhase section */
		08C7E5035692852FD1806634 /* [CP] Embed Pods Frameworks */ = {
			isa = PBXShellScriptBuildPhase;
			buildActionMask = 2147483647;
			files = (
			);
			inputFileListPaths = (
				"${PODS_ROOT}/Target Support Files/Pods-MovieDB/Pods-MovieDB-frameworks-${CONFIGURATION}-input-files.xcfilelist",
			);
			name = "[CP] Embed Pods Frameworks";
			outputFileListPaths = (
				"${PODS_ROOT}/Target Support Files/Pods-MovieDB/Pods-MovieDB-frameworks-${CONFIGURATION}-output-files.xcfilelist",
			);
			runOnlyForDeploymentPostprocessing = 0;
			shellPath = /bin/sh;
			shellScript = "\"${PODS_ROOT}/Target Support Files/Pods-MovieDB/Pods-MovieDB-frameworks.sh\"\n";
			showEnvVarsInLog = 0;
		};
		2A502F558EC7C4AB0202D512 /* [CP] Embed Pods Frameworks */ = {
			isa = PBXShellScriptBuildPhase;
			buildActionMask = 2147483647;
			files = (
			);
			inputFileListPaths = (
				"${PODS_ROOT}/Target Support Files/Pods-MovieDB-MovieDBUITests/Pods-MovieDB-MovieDBUITests-frameworks-${CONFIGURATION}-input-files.xcfilelist",
			);
			name = "[CP] Embed Pods Frameworks";
			outputFileListPaths = (
				"${PODS_ROOT}/Target Support Files/Pods-MovieDB-MovieDBUITests/Pods-MovieDB-MovieDBUITests-frameworks-${CONFIGURATION}-output-files.xcfilelist",
			);
			runOnlyForDeploymentPostprocessing = 0;
			shellPath = /bin/sh;
			shellScript = "\"${PODS_ROOT}/Target Support Files/Pods-MovieDB-MovieDBUITests/Pods-MovieDB-MovieDBUITests-frameworks.sh\"\n";
			showEnvVarsInLog = 0;
		};
		C30D33DED962338A40A43118 /* [CP] Embed Pods Frameworks */ = {
			isa = PBXShellScriptBuildPhase;
			buildActionMask = 2147483647;
			files = (
			);
			inputFileListPaths = (
				"${PODS_ROOT}/Target Support Files/Pods-MovieDBTests/Pods-MovieDBTests-frameworks-${CONFIGURATION}-input-files.xcfilelist",
			);
			name = "[CP] Embed Pods Frameworks";
			outputFileListPaths = (
				"${PODS_ROOT}/Target Support Files/Pods-MovieDBTests/Pods-MovieDBTests-frameworks-${CONFIGURATION}-output-files.xcfilelist",
			);
			runOnlyForDeploymentPostprocessing = 0;
			shellPath = /bin/sh;
			shellScript = "\"${PODS_ROOT}/Target Support Files/Pods-MovieDBTests/Pods-MovieDBTests-frameworks.sh\"\n";
			showEnvVarsInLog = 0;
		};
		DD4E0026C64803E179232110 /* [CP] Check Pods Manifest.lock */ = {
			isa = PBXShellScriptBuildPhase;
			buildActionMask = 2147483647;
			files = (
			);
			inputFileListPaths = (
			);
			inputPaths = (
				"${PODS_PODFILE_DIR_PATH}/Podfile.lock",
				"${PODS_ROOT}/Manifest.lock",
			);
			name = "[CP] Check Pods Manifest.lock";
			outputFileListPaths = (
			);
			outputPaths = (
				"$(DERIVED_FILE_DIR)/Pods-MovieDBTests-checkManifestLockResult.txt",
			);
			runOnlyForDeploymentPostprocessing = 0;
			shellPath = /bin/sh;
			shellScript = "diff \"${PODS_PODFILE_DIR_PATH}/Podfile.lock\" \"${PODS_ROOT}/Manifest.lock\" > /dev/null\nif [ $? != 0 ] ; then\n    # print error to STDERR\n    echo \"error: The sandbox is not in sync with the Podfile.lock. Run 'pod install' or update your CocoaPods installation.\" >&2\n    exit 1\nfi\n# This output is used by Xcode 'outputs' to avoid re-running this script phase.\necho \"SUCCESS\" > \"${SCRIPT_OUTPUT_FILE_0}\"\n";
			showEnvVarsInLog = 0;
		};
		DEFD591F91D6E212E1F8D4CA /* [CP] Check Pods Manifest.lock */ = {
			isa = PBXShellScriptBuildPhase;
			buildActionMask = 2147483647;
			files = (
			);
			inputFileListPaths = (
			);
			inputPaths = (
				"${PODS_PODFILE_DIR_PATH}/Podfile.lock",
				"${PODS_ROOT}/Manifest.lock",
			);
			name = "[CP] Check Pods Manifest.lock";
			outputFileListPaths = (
			);
			outputPaths = (
				"$(DERIVED_FILE_DIR)/Pods-MovieDB-MovieDBUITests-checkManifestLockResult.txt",
			);
			runOnlyForDeploymentPostprocessing = 0;
			shellPath = /bin/sh;
			shellScript = "diff \"${PODS_PODFILE_DIR_PATH}/Podfile.lock\" \"${PODS_ROOT}/Manifest.lock\" > /dev/null\nif [ $? != 0 ] ; then\n    # print error to STDERR\n    echo \"error: The sandbox is not in sync with the Podfile.lock. Run 'pod install' or update your CocoaPods installation.\" >&2\n    exit 1\nfi\n# This output is used by Xcode 'outputs' to avoid re-running this script phase.\necho \"SUCCESS\" > \"${SCRIPT_OUTPUT_FILE_0}\"\n";
			showEnvVarsInLog = 0;
		};
		EFA8E23B4C7CBFED4D1B1752 /* [CP] Check Pods Manifest.lock */ = {
			isa = PBXShellScriptBuildPhase;
			buildActionMask = 2147483647;
			files = (
			);
			inputFileListPaths = (
			);
			inputPaths = (
				"${PODS_PODFILE_DIR_PATH}/Podfile.lock",
				"${PODS_ROOT}/Manifest.lock",
			);
			name = "[CP] Check Pods Manifest.lock";
			outputFileListPaths = (
			);
			outputPaths = (
				"$(DERIVED_FILE_DIR)/Pods-MovieDB-checkManifestLockResult.txt",
			);
			runOnlyForDeploymentPostprocessing = 0;
			shellPath = /bin/sh;
			shellScript = "diff \"${PODS_PODFILE_DIR_PATH}/Podfile.lock\" \"${PODS_ROOT}/Manifest.lock\" > /dev/null\nif [ $? != 0 ] ; then\n    # print error to STDERR\n    echo \"error: The sandbox is not in sync with the Podfile.lock. Run 'pod install' or update your CocoaPods installation.\" >&2\n    exit 1\nfi\n# This output is used by Xcode 'outputs' to avoid re-running this script phase.\necho \"SUCCESS\" > \"${SCRIPT_OUTPUT_FILE_0}\"\n";
			showEnvVarsInLog = 0;
		};
/* End PBXShellScriptBuildPhase section */

/* Begin PBXSourcesBuildPhase section */
		FD72AE58294E267300FED13A /* Sources */ = {
			isa = PBXSourcesBuildPhase;
			buildActionMask = 2147483647;
			files = (
				FD976BA3294FE850002B9ACC /* UIColor+toSwfitUIColor.swift in Sources */,
				FD2490F12950919F0080CECB /* TVShowFeedViewController.swift in Sources */,
				FD791816294F7BC10037D0DB /* Endpoint.swift in Sources */,
				FD72AE64294E267300FED13A /* ViewController.swift in Sources */,
				FD976BB729500618002B9ACC /* PopularityView.swift in Sources */,
				FD79180A294F79310037D0DB /* TVShowDetails.swift in Sources */,
				FD79180C294F794B0037D0DB /* Creator.swift in Sources */,
				FD976BA7295003C9002B9ACC /* SummaryView.swift in Sources */,
				FD976BAF295004A2002B9ACC /* TVShowNameView.swift in Sources */,
				FD976BAD2950048A002B9ACC /* TitleSection.swift in Sources */,
				FD1FF218294F54020006522D /* FontSize.swift in Sources */,
				FD79181F294F7F100037D0DB /* ApiError.swift in Sources */,
				FD791825294FA43E0037D0DB /* HTTPClient.swift in Sources */,
				FD2490F82950A51C0080CECB /* ButtonBuilder.swift in Sources */,
				FD976BAB29500445002B9ACC /* PersonView.swift in Sources */,
				FD2490FA2950A7B60080CECB /* TVShowsCollectionView.swift in Sources */,
				FD791823294F93130037D0DB /* InfoById.swift in Sources */,
				FD791808294F73120037D0DB /* TVShow.swift in Sources */,
				FD976BB5295005D9002B9ACC /* PosterView.swift in Sources */,
				FD79180E294F795F0037D0DB /* Season.swift in Sources */,
				FD2490FE2950AA760080CECB /* UIView+Identifier.swift in Sources */,
				FD976BB329500516002B9ACC /* SeasonView.swift in Sources */,
				FD791810294F79890037D0DB /* Person.swift in Sources */,
				FD2491002950B1F00080CECB /* ImageBuilder.swift in Sources */,
				FD79181D294F7DCC0037D0DB /* StackView+Custom.swift in Sources */,
				FD2491062950B3C10080CECB /* DiscardableImageItem.swift in Sources */,
				FD1FF21A294F545B0006522D /* MarginSpaces.swift in Sources */,
				FD976BA9295003F4002B9ACC /* CastListView.swift in Sources */,
				FD791818294F7BE60037D0DB /* ApiPath.swift in Sources */,
				FD2490F42950A1F40080CECB /* CategoriesSegmentedController.swift in Sources */,
				FD791830294FD5520037D0DB /* URLSessionHTTPClient.swift in Sources */,
				FD72AE60294E267300FED13A /* AppDelegate.swift in Sources */,
				FD2490F62950A2F90080CECB /* MovieDBNavigationController.swift in Sources */,
				FD72AE62294E267300FED13A /* SceneDelegate.swift in Sources */,
				FD2491022950B24D0080CECB /* TVShowCollectionViewCell.swift in Sources */,
				FD1FF216294F53B60006522D /* Icons.swift in Sources */,
				FD1FF214294F53480006522D /* ProjectColors.swift in Sources */,
				FD791814294F7A8A0037D0DB /* TVShowsFeed.swift in Sources */,
				FD2491082950B3E00080CECB /* CacheImageView.swift in Sources */,
				FD976BB1295004E1002B9ACC /* DescriptionView.swift in Sources */,
				FD976B9F294FE632002B9ACC /* TVShowDetailView.swift in Sources */,
				FD24910A2950B42F0080CECB /* UIView+Loading.swift in Sources */,
				FD2490FC2950A8250080CECB /* LabelBuilder.swift in Sources */,
				FD79181B294F7D890037D0DB /* UIView+Constraints.swift in Sources */,
			);
			runOnlyForDeploymentPostprocessing = 0;
		};
		FD72AE6E294E267400FED13A /* Sources */ = {
			isa = PBXSourcesBuildPhase;
			buildActionMask = 2147483647;
			files = (
				FD791821294F80D00037D0DB /* EndpointTest.swift in Sources */,
				FD79182E294FC63B0037D0DB /* URLProtocolStub.swift in Sources */,
				FD79182A294FAB050037D0DB /* HTTPClientSpy.swift in Sources */,
				FD72AE77294E267400FED13A /* MovieDBTests.swift in Sources */,
				FD791827294FA5FB0037D0DB /* URLSessionHTTPClientTest.swift in Sources */,
				FD79182C294FC36D0037D0DB /* XCTestCase+MemoryLeakTracking.swift in Sources */,
			);
			runOnlyForDeploymentPostprocessing = 0;
		};
		FD72AE78294E267400FED13A /* Sources */ = {
			isa = PBXSourcesBuildPhase;
			buildActionMask = 2147483647;
			files = (
				FD72AE81294E267400FED13A /* MovieDBUITests.swift in Sources */,
				FD72AE83294E267500FED13A /* MovieDBUITestsLaunchTests.swift in Sources */,
			);
			runOnlyForDeploymentPostprocessing = 0;
		};
/* End PBXSourcesBuildPhase section */

/* Begin PBXTargetDependency section */
		FD72AE74294E267400FED13A /* PBXTargetDependency */ = {
			isa = PBXTargetDependency;
			target = FD72AE5B294E267300FED13A /* MovieDB */;
			targetProxy = FD72AE73294E267400FED13A /* PBXContainerItemProxy */;
		};
		FD72AE7E294E267400FED13A /* PBXTargetDependency */ = {
			isa = PBXTargetDependency;
			target = FD72AE5B294E267300FED13A /* MovieDB */;
			targetProxy = FD72AE7D294E267400FED13A /* PBXContainerItemProxy */;
		};
/* End PBXTargetDependency section */

/* Begin PBXVariantGroup section */
		FD72AE6A294E267400FED13A /* LaunchScreen.storyboard */ = {
			isa = PBXVariantGroup;
			children = (
				FD72AE6B294E267400FED13A /* Base */,
			);
			name = LaunchScreen.storyboard;
			sourceTree = "<group>";
		};
/* End PBXVariantGroup section */

/* Begin XCBuildConfiguration section */
		FD72AE84294E267500FED13A /* Debug */ = {
			isa = XCBuildConfiguration;
			buildSettings = {
				ALWAYS_SEARCH_USER_PATHS = NO;
				CLANG_ANALYZER_NONNULL = YES;
				CLANG_ANALYZER_NUMBER_OBJECT_CONVERSION = YES_AGGRESSIVE;
				CLANG_CXX_LANGUAGE_STANDARD = "gnu++20";
				CLANG_ENABLE_MODULES = YES;
				CLANG_ENABLE_OBJC_ARC = YES;
				CLANG_ENABLE_OBJC_WEAK = YES;
				CLANG_WARN_BLOCK_CAPTURE_AUTORELEASING = YES;
				CLANG_WARN_BOOL_CONVERSION = YES;
				CLANG_WARN_COMMA = YES;
				CLANG_WARN_CONSTANT_CONVERSION = YES;
				CLANG_WARN_DEPRECATED_OBJC_IMPLEMENTATIONS = YES;
				CLANG_WARN_DIRECT_OBJC_ISA_USAGE = YES_ERROR;
				CLANG_WARN_DOCUMENTATION_COMMENTS = YES;
				CLANG_WARN_EMPTY_BODY = YES;
				CLANG_WARN_ENUM_CONVERSION = YES;
				CLANG_WARN_INFINITE_RECURSION = YES;
				CLANG_WARN_INT_CONVERSION = YES;
				CLANG_WARN_NON_LITERAL_NULL_CONVERSION = YES;
				CLANG_WARN_OBJC_IMPLICIT_RETAIN_SELF = YES;
				CLANG_WARN_OBJC_LITERAL_CONVERSION = YES;
				CLANG_WARN_OBJC_ROOT_CLASS = YES_ERROR;
				CLANG_WARN_QUOTED_INCLUDE_IN_FRAMEWORK_HEADER = YES;
				CLANG_WARN_RANGE_LOOP_ANALYSIS = YES;
				CLANG_WARN_STRICT_PROTOTYPES = YES;
				CLANG_WARN_SUSPICIOUS_MOVE = YES;
				CLANG_WARN_UNGUARDED_AVAILABILITY = YES_AGGRESSIVE;
				CLANG_WARN_UNREACHABLE_CODE = YES;
				CLANG_WARN__DUPLICATE_METHOD_MATCH = YES;
				COPY_PHASE_STRIP = NO;
				DEBUG_INFORMATION_FORMAT = dwarf;
				ENABLE_STRICT_OBJC_MSGSEND = YES;
				ENABLE_TESTABILITY = YES;
				GCC_C_LANGUAGE_STANDARD = gnu11;
				GCC_DYNAMIC_NO_PIC = NO;
				GCC_NO_COMMON_BLOCKS = YES;
				GCC_OPTIMIZATION_LEVEL = 0;
				GCC_PREPROCESSOR_DEFINITIONS = (
					"DEBUG=1",
					"$(inherited)",
				);
				GCC_WARN_64_TO_32_BIT_CONVERSION = YES;
				GCC_WARN_ABOUT_RETURN_TYPE = YES_ERROR;
				GCC_WARN_UNDECLARED_SELECTOR = YES;
				GCC_WARN_UNINITIALIZED_AUTOS = YES_AGGRESSIVE;
				GCC_WARN_UNUSED_FUNCTION = YES;
				GCC_WARN_UNUSED_VARIABLE = YES;
				IPHONEOS_DEPLOYMENT_TARGET = 14.0;
				MTL_ENABLE_DEBUG_INFO = INCLUDE_SOURCE;
				MTL_FAST_MATH = YES;
				ONLY_ACTIVE_ARCH = YES;
				SDKROOT = iphoneos;
				SWIFT_ACTIVE_COMPILATION_CONDITIONS = DEBUG;
				SWIFT_OPTIMIZATION_LEVEL = "-Onone";
			};
			name = Debug;
		};
		FD72AE85294E267500FED13A /* Release */ = {
			isa = XCBuildConfiguration;
			buildSettings = {
				ALWAYS_SEARCH_USER_PATHS = NO;
				CLANG_ANALYZER_NONNULL = YES;
				CLANG_ANALYZER_NUMBER_OBJECT_CONVERSION = YES_AGGRESSIVE;
				CLANG_CXX_LANGUAGE_STANDARD = "gnu++20";
				CLANG_ENABLE_MODULES = YES;
				CLANG_ENABLE_OBJC_ARC = YES;
				CLANG_ENABLE_OBJC_WEAK = YES;
				CLANG_WARN_BLOCK_CAPTURE_AUTORELEASING = YES;
				CLANG_WARN_BOOL_CONVERSION = YES;
				CLANG_WARN_COMMA = YES;
				CLANG_WARN_CONSTANT_CONVERSION = YES;
				CLANG_WARN_DEPRECATED_OBJC_IMPLEMENTATIONS = YES;
				CLANG_WARN_DIRECT_OBJC_ISA_USAGE = YES_ERROR;
				CLANG_WARN_DOCUMENTATION_COMMENTS = YES;
				CLANG_WARN_EMPTY_BODY = YES;
				CLANG_WARN_ENUM_CONVERSION = YES;
				CLANG_WARN_INFINITE_RECURSION = YES;
				CLANG_WARN_INT_CONVERSION = YES;
				CLANG_WARN_NON_LITERAL_NULL_CONVERSION = YES;
				CLANG_WARN_OBJC_IMPLICIT_RETAIN_SELF = YES;
				CLANG_WARN_OBJC_LITERAL_CONVERSION = YES;
				CLANG_WARN_OBJC_ROOT_CLASS = YES_ERROR;
				CLANG_WARN_QUOTED_INCLUDE_IN_FRAMEWORK_HEADER = YES;
				CLANG_WARN_RANGE_LOOP_ANALYSIS = YES;
				CLANG_WARN_STRICT_PROTOTYPES = YES;
				CLANG_WARN_SUSPICIOUS_MOVE = YES;
				CLANG_WARN_UNGUARDED_AVAILABILITY = YES_AGGRESSIVE;
				CLANG_WARN_UNREACHABLE_CODE = YES;
				CLANG_WARN__DUPLICATE_METHOD_MATCH = YES;
				COPY_PHASE_STRIP = NO;
				DEBUG_INFORMATION_FORMAT = "dwarf-with-dsym";
				ENABLE_NS_ASSERTIONS = NO;
				ENABLE_STRICT_OBJC_MSGSEND = YES;
				GCC_C_LANGUAGE_STANDARD = gnu11;
				GCC_NO_COMMON_BLOCKS = YES;
				GCC_WARN_64_TO_32_BIT_CONVERSION = YES;
				GCC_WARN_ABOUT_RETURN_TYPE = YES_ERROR;
				GCC_WARN_UNDECLARED_SELECTOR = YES;
				GCC_WARN_UNINITIALIZED_AUTOS = YES_AGGRESSIVE;
				GCC_WARN_UNUSED_FUNCTION = YES;
				GCC_WARN_UNUSED_VARIABLE = YES;
				IPHONEOS_DEPLOYMENT_TARGET = 14.0;
				MTL_ENABLE_DEBUG_INFO = NO;
				MTL_FAST_MATH = YES;
				SDKROOT = iphoneos;
				SWIFT_COMPILATION_MODE = wholemodule;
				SWIFT_OPTIMIZATION_LEVEL = "-O";
				VALIDATE_PRODUCT = YES;
			};
			name = Release;
		};
		FD72AE87294E267500FED13A /* Debug */ = {
			isa = XCBuildConfiguration;
			baseConfigurationReference = 8A2A9BA26088C2050A73C1BF /* Pods-MovieDB.debug.xcconfig */;
			buildSettings = {
				ASSETCATALOG_COMPILER_APPICON_NAME = AppIcon;
				ASSETCATALOG_COMPILER_GLOBAL_ACCENT_COLOR_NAME = AccentColor;
				CODE_SIGN_STYLE = Automatic;
				CURRENT_PROJECT_VERSION = 1;
				DEVELOPMENT_TEAM = 24Q6J2H875;
				GENERATE_INFOPLIST_FILE = YES;
				INFOPLIST_FILE = MovieDB/Info.plist;
				INFOPLIST_KEY_UIApplicationSupportsIndirectInputEvents = YES;
				INFOPLIST_KEY_UILaunchStoryboardName = LaunchScreen;
				INFOPLIST_KEY_UISupportedInterfaceOrientations = UIInterfaceOrientationPortrait;
				IPHONEOS_DEPLOYMENT_TARGET = 14.0;
				LD_RUNPATH_SEARCH_PATHS = (
					"$(inherited)",
					"@executable_path/Frameworks",
				);
				MARKETING_VERSION = 1.0;
				PRODUCT_BUNDLE_IDENTIFIER = com.mikedoprado.MovieDB;
				PRODUCT_NAME = "$(TARGET_NAME)";
				SWIFT_EMIT_LOC_STRINGS = YES;
				SWIFT_VERSION = 5.0;
				TARGETED_DEVICE_FAMILY = "1,2";
			};
			name = Debug;
		};
		FD72AE88294E267500FED13A /* Release */ = {
			isa = XCBuildConfiguration;
			baseConfigurationReference = A653A2E77F27C110D8D4179E /* Pods-MovieDB.release.xcconfig */;
			buildSettings = {
				ASSETCATALOG_COMPILER_APPICON_NAME = AppIcon;
				ASSETCATALOG_COMPILER_GLOBAL_ACCENT_COLOR_NAME = AccentColor;
				CODE_SIGN_STYLE = Automatic;
				CURRENT_PROJECT_VERSION = 1;
				DEVELOPMENT_TEAM = 24Q6J2H875;
				GENERATE_INFOPLIST_FILE = YES;
				INFOPLIST_FILE = MovieDB/Info.plist;
				INFOPLIST_KEY_UIApplicationSupportsIndirectInputEvents = YES;
				INFOPLIST_KEY_UILaunchStoryboardName = LaunchScreen;
				INFOPLIST_KEY_UISupportedInterfaceOrientations = UIInterfaceOrientationPortrait;
				IPHONEOS_DEPLOYMENT_TARGET = 14.0;
				LD_RUNPATH_SEARCH_PATHS = (
					"$(inherited)",
					"@executable_path/Frameworks",
				);
				MARKETING_VERSION = 1.0;
				PRODUCT_BUNDLE_IDENTIFIER = com.mikedoprado.MovieDB;
				PRODUCT_NAME = "$(TARGET_NAME)";
				SWIFT_EMIT_LOC_STRINGS = YES;
				SWIFT_VERSION = 5.0;
				TARGETED_DEVICE_FAMILY = "1,2";
			};
			name = Release;
		};
		FD72AE8A294E267500FED13A /* Debug */ = {
			isa = XCBuildConfiguration;
			baseConfigurationReference = 8C67D603A58A5564E2884D7B /* Pods-MovieDBTests.debug.xcconfig */;
			buildSettings = {
				ALWAYS_EMBED_SWIFT_STANDARD_LIBRARIES = YES;
				BUNDLE_LOADER = "$(TEST_HOST)";
				CODE_SIGN_STYLE = Automatic;
				CURRENT_PROJECT_VERSION = 1;
				DEVELOPMENT_TEAM = 24Q6J2H875;
				GENERATE_INFOPLIST_FILE = YES;
				IPHONEOS_DEPLOYMENT_TARGET = 14.0;
				MARKETING_VERSION = 1.0;
				PRODUCT_BUNDLE_IDENTIFIER = com.mikedoprado.MovieDBTests;
				PRODUCT_NAME = "$(TARGET_NAME)";
				SWIFT_EMIT_LOC_STRINGS = NO;
				SWIFT_VERSION = 5.0;
				TARGETED_DEVICE_FAMILY = "1,2";
				TEST_HOST = "$(BUILT_PRODUCTS_DIR)/MovieDB.app/$(BUNDLE_EXECUTABLE_FOLDER_PATH)/MovieDB";
			};
			name = Debug;
		};
		FD72AE8B294E267500FED13A /* Release */ = {
			isa = XCBuildConfiguration;
			baseConfigurationReference = F279FAD67D316928AD19D0EF /* Pods-MovieDBTests.release.xcconfig */;
			buildSettings = {
				ALWAYS_EMBED_SWIFT_STANDARD_LIBRARIES = YES;
				BUNDLE_LOADER = "$(TEST_HOST)";
				CODE_SIGN_STYLE = Automatic;
				CURRENT_PROJECT_VERSION = 1;
				DEVELOPMENT_TEAM = 24Q6J2H875;
				GENERATE_INFOPLIST_FILE = YES;
				IPHONEOS_DEPLOYMENT_TARGET = 14.0;
				MARKETING_VERSION = 1.0;
				PRODUCT_BUNDLE_IDENTIFIER = com.mikedoprado.MovieDBTests;
				PRODUCT_NAME = "$(TARGET_NAME)";
				SWIFT_EMIT_LOC_STRINGS = NO;
				SWIFT_VERSION = 5.0;
				TARGETED_DEVICE_FAMILY = "1,2";
				TEST_HOST = "$(BUILT_PRODUCTS_DIR)/MovieDB.app/$(BUNDLE_EXECUTABLE_FOLDER_PATH)/MovieDB";
			};
			name = Release;
		};
		FD72AE8D294E267500FED13A /* Debug */ = {
			isa = XCBuildConfiguration;
			baseConfigurationReference = B5461C5B6051E596F2FE07AB /* Pods-MovieDB-MovieDBUITests.debug.xcconfig */;
			buildSettings = {
				ALWAYS_EMBED_SWIFT_STANDARD_LIBRARIES = YES;
				CODE_SIGN_STYLE = Automatic;
				CURRENT_PROJECT_VERSION = 1;
				DEVELOPMENT_TEAM = 24Q6J2H875;
				GENERATE_INFOPLIST_FILE = YES;
				MARKETING_VERSION = 1.0;
				PRODUCT_BUNDLE_IDENTIFIER = com.mikedoprado.MovieDBUITests;
				PRODUCT_NAME = "$(TARGET_NAME)";
				SWIFT_EMIT_LOC_STRINGS = NO;
				SWIFT_VERSION = 5.0;
				TARGETED_DEVICE_FAMILY = "1,2";
				TEST_TARGET_NAME = MovieDB;
			};
			name = Debug;
		};
		FD72AE8E294E267500FED13A /* Release */ = {
			isa = XCBuildConfiguration;
			baseConfigurationReference = 61DA2AFCD4E0740B40C27973 /* Pods-MovieDB-MovieDBUITests.release.xcconfig */;
			buildSettings = {
				ALWAYS_EMBED_SWIFT_STANDARD_LIBRARIES = YES;
				CODE_SIGN_STYLE = Automatic;
				CURRENT_PROJECT_VERSION = 1;
				DEVELOPMENT_TEAM = 24Q6J2H875;
				GENERATE_INFOPLIST_FILE = YES;
				MARKETING_VERSION = 1.0;
				PRODUCT_BUNDLE_IDENTIFIER = com.mikedoprado.MovieDBUITests;
				PRODUCT_NAME = "$(TARGET_NAME)";
				SWIFT_EMIT_LOC_STRINGS = NO;
				SWIFT_VERSION = 5.0;
				TARGETED_DEVICE_FAMILY = "1,2";
				TEST_TARGET_NAME = MovieDB;
			};
			name = Release;
		};
/* End XCBuildConfiguration section */

/* Begin XCConfigurationList section */
		FD72AE57294E267300FED13A /* Build configuration list for PBXProject "MovieDB" */ = {
			isa = XCConfigurationList;
			buildConfigurations = (
				FD72AE84294E267500FED13A /* Debug */,
				FD72AE85294E267500FED13A /* Release */,
			);
			defaultConfigurationIsVisible = 0;
			defaultConfigurationName = Release;
		};
		FD72AE86294E267500FED13A /* Build configuration list for PBXNativeTarget "MovieDB" */ = {
			isa = XCConfigurationList;
			buildConfigurations = (
				FD72AE87294E267500FED13A /* Debug */,
				FD72AE88294E267500FED13A /* Release */,
			);
			defaultConfigurationIsVisible = 0;
			defaultConfigurationName = Release;
		};
		FD72AE89294E267500FED13A /* Build configuration list for PBXNativeTarget "MovieDBTests" */ = {
			isa = XCConfigurationList;
			buildConfigurations = (
				FD72AE8A294E267500FED13A /* Debug */,
				FD72AE8B294E267500FED13A /* Release */,
			);
			defaultConfigurationIsVisible = 0;
			defaultConfigurationName = Release;
		};
		FD72AE8C294E267500FED13A /* Build configuration list for PBXNativeTarget "MovieDBUITests" */ = {
			isa = XCConfigurationList;
			buildConfigurations = (
				FD72AE8D294E267500FED13A /* Debug */,
				FD72AE8E294E267500FED13A /* Release */,
			);
			defaultConfigurationIsVisible = 0;
			defaultConfigurationName = Release;
		};
/* End XCConfigurationList section */
	};
	rootObject = FD72AE54294E267300FED13A /* Project object */;
}
